<?xml version="1.0" encoding="utf-8"?>
<Project ToolsVersion="4.0" xmlns="http://schemas.microsoft.com/developer/msbuild/2003">
  <ItemGroup>
    <Filter Include="Source Files">
      <UniqueIdentifier>{4FC737F1-C7A5-4376-A066-2A32D752A2FF}</UniqueIdentifier>
      <Extensions>cpp;c;cc;cxx;def;odl;idl;hpj;bat;asm;asmx</Extensions>
    </Filter>
    <Filter Include="Header Files">
      <UniqueIdentifier>{93995380-89BD-4b04-88EB-625FBE52EBFB}</UniqueIdentifier>
      <Extensions>h;hpp;hxx;hm;inl;inc;xsd</Extensions>
    </Filter>
    <Filter Include="Must Build Again">
      <UniqueIdentifier>{41a4de53-6c60-4a7f-b13f-0f6441fc439f}</UniqueIdentifier>
    </Filter>
    <Filter Include="Resource Files">
      <UniqueIdentifier>{67DA6AB6-F800-4c08-8B7A-83BB121AAD01}</UniqueIdentifier>
      <Extensions>rc;ico;cur;bmp;dlg;rc2;rct;bin;rgs;gif;jpg;jpeg;jpe;resx;tiff;tif;png;wav</Extensions>
    </Filter>
  </ItemGroup>
  <ItemGroup>
    <ClCompile Include="misCompositeDataPackage.cpp">
      <Filter>Source Files</Filter>
    </ClCompile>
    <ClCompile Include="misDataSetManagerUtilities.cpp">
      <Filter>Source Files</Filter>
    </ClCompile>
    <ClCompile Include="misDataSetsUtility.cpp">
      <Filter>Source Files</Filter>
    </ClCompile>
    <ClCompile Include="misLandMarkBase.cpp">
      <Filter>Source Files</Filter>
    </ClCompile>
    <ClCompile Include="misPlanData.cpp">
      <Filter>Source Files</Filter>
    </ClCompile>
    <ClCompile Include="misPolyData.cpp">
      <Filter>Source Files</Filter>
    </ClCompile>
    <ClCompile Include="misStandardMatrix.cpp">
      <Filter>Source Files</Filter>
    </ClCompile>
    <ClCompile Include="misVolumeData.cpp">
      <Filter>Source Files</Filter>
    </ClCompile>
    <ClCompile Include="misVolumeRenderingColorMaps.cpp">
      <Filter>Source Files</Filter>
    </ClCompile>
    <ClCompile Include="stdafx.cpp">
      <Filter>Source Files</Filter>
    </ClCompile>
    <ClCompile Include="misSimpleDataPackage.cpp">
      <Filter>Source Files</Filter>
    </ClCompile>
    <ClCompile Include="misImageUtilities.cpp">
      <Filter>Source Files</Filter>
    </ClCompile>
    <ClCompile Include="misVertebraScrewPlanData.cpp">
      <Filter>Source Files</Filter>
    </ClCompile>
    <ClCompile Include="misImageContainedPolyDataStructs.cpp">
      <Filter>Source Files</Filter>
    </ClCompile>
    <ClCompile Include="misCompeletePolyDataDependensiesStrct.cpp">
      <Filter>Source Files</Filter>
    </ClCompile>
    <ClCompile Include="misCompeletePlanDataDependensiesStrct.cpp">
      <Filter>Source Files</Filter>
    </ClCompile>
    <ClCompile Include="misPackageViewingItemsStrct.cpp">
      <Filter>Source Files</Filter>
    </ClCompile>
    <ClCompile Include="misCompeleteImageDependensies.cpp">
      <Filter>Source Files</Filter>
    </ClCompile>
    <ClCompile Include="misDataSetManager.cpp">
      <Filter>Source Files</Filter>
    </ClCompile>
    <ClCompile Include="misRegistrationResult.cpp">
      <Filter>Source Files</Filter>
    </ClCompile>
    <ClCompile Include="misTFIAddressMapper.cpp">
      <Filter>Source Files</Filter>
    </ClCompile>
    <ClCompile Include="misNavigationPackageFinder.cpp">
      <Filter>Source Files</Filter>
    </ClCompile>
    <ClCompile Include="misCompeleteImageContainedPolydataDependensiesStrct.cpp">
      <Filter>Source Files</Filter>
    </ClCompile>
    <ClCompile Include="ModalityToViewingtypeConverter.cpp">
      <Filter>Source Files</Filter>
    </ClCompile>
    <ClCompile Include="misAnimalVolumeColormaps.cpp">
      <Filter>Source Files</Filter>
    </ClCompile>
    <ClCompile Include="misColormapGeneratorFactory.cpp">
      <Filter>Source Files</Filter>
    </ClCompile>
    <ClCompile Include="misMRICOloredColorMap.cpp">
      <Filter>Source Files</Filter>
    </ClCompile>
    <ClCompile Include="PackageRepo.cpp">
      <Filter>Source Files</Filter>
    </ClCompile>
    <ClCompile Include="PackagePlanRelFactory.cpp">
      <Filter>Source Files</Filter>
    </ClCompile>
    <ClCompile Include="PackagePlanRelRepo.cpp">
      <Filter>Source Files</Filter>
    </ClCompile>
    <ClCompile Include="PlanFactory.cpp">
      <Filter>Source Files</Filter>
    </ClCompile>
    <ClCompile Include="PlanRepo.cpp">
      <Filter>Source Files</Filter>
    </ClCompile>
    <ClCompile Include="VectorRotator.cpp">
      <Filter>Source Files</Filter>
    </ClCompile>
    <ClCompile Include="DentalVolumeColormaps.cpp">
      <Filter>Source Files</Filter>
    </ClCompile>
    <ClCompile Include="misVolumeDataDependensies.cpp">
      <Filter>Source Files</Filter>
    </ClCompile>
    <ClCompile Include="misViewableElement.cpp">
      <Filter>Source Files</Filter>
    </ClCompile>
    <ClCompile Include="misConfirmedImageCounter.cpp">
      <Filter>Source Files</Filter>
    </ClCompile>
    <ClCompile Include="misPackageViewingExtractor.cpp">
      <Filter>Source Files</Filter>
    </ClCompile>
    <ClCompile Include="PackageViewingExtractorFactory.cpp">
      <Filter>Source Files</Filter>
    </ClCompile>
    <ClCompile Include="misCreateCorrelatedPackageList.cpp">
      <Filter>Source Files</Filter>
    </ClCompile>
    <ClCompile Include="misPackageVolumeUpdater.cpp">
      <Filter>Source Files</Filter>
    </ClCompile>
    <ClCompile Include="ColorMapBoneCT.cpp">
      <Filter>Source Files</Filter>
    </ClCompile>
    <ClCompile Include="VolumeFactory.cpp">
      <Filter>Source Files</Filter>
    </ClCompile>
    <ClCompile Include="misImageVisibiltyMapGenerator.cpp">
      <Filter>Source Files</Filter>
    </ClCompile>
    <ClCompile Include="CTSkinFilledColorMap.cpp">
      <Filter>Source Files</Filter>
    </ClCompile>
    <ClCompile Include="CTSkinTransparentColorMap.cpp">
      <Filter>Source Files</Filter>
    </ClCompile>
    <ClCompile Include="CTAllViewingColormap.cpp">
      <Filter>Source Files</Filter>
    </ClCompile>
    <ClCompile Include="MRAllViewingColorMap.cpp">
      <Filter>Source Files</Filter>
    </ClCompile>
    <ClCompile Include="ctSinusViewingColorMap.cpp">
      <Filter>Source Files</Filter>
    </ClCompile>
    <ClCompile Include="mrSinusViewingColorMap.cpp">
      <Filter>Source Files</Filter>
    </ClCompile>
    <ClCompile Include="MRSkinTransparentColorMap.cpp">
      <Filter>Source Files</Filter>
    </ClCompile>
    <ClCompile Include="MRSkinFilledColorMap.cpp">
      <Filter>Source Files</Filter>
    </ClCompile>
    <ClCompile Include="ImagePriorty.cpp">
      <Filter>Source Files</Filter>
    </ClCompile>
  </ItemGroup>
  <ItemGroup>
    <ClInclude Include="..\header\misDatasetMacroes.h">
      <Filter>Header Files</Filter>
    </ClInclude>
    <ClInclude Include="..\header\misDataSetManagerUtilities.h">
      <Filter>Header Files</Filter>
    </ClInclude>
    <ClInclude Include="..\Header\misImageCallback.h">
      <Filter>Header Files</Filter>
    </ClInclude>
    <ClInclude Include="..\header\misLandMarkBase.h">
      <Filter>Header Files</Filter>
    </ClInclude>
    <ClInclude Include="..\Header\misMaskImageData.h">
      <Filter>Header Files</Filter>
    </ClInclude>
    <ClInclude Include="..\header\misPrimaeryNeededHeader.h">
      <Filter>Header Files</Filter>
    </ClInclude>
    <ClInclude Include="..\header\misSeconderyNeededHeader.h">
      <Filter>Header Files</Filter>
    </ClInclude>
    <ClInclude Include="..\Header\misStandardMatrix.h">
      <Filter>Header Files</Filter>
    </ClInclude>
    <ClInclude Include="..\header\misSTRCT.h">
      <Filter>Header Files</Filter>
    </ClInclude>
    <ClInclude Include="..\Header\misStrctColorData.h">
      <Filter>Header Files</Filter>
    </ClInclude>
    <ClInclude Include="..\header\misStrctDataSetManager.h">
      <Filter>Header Files</Filter>
    </ClInclude>
    <ClInclude Include="..\header\misStrctDataSets.h">
      <Filter>Header Files</Filter>
    </ClInclude>
    <ClInclude Include="..\header\misStrctVolumeData.h">
      <Filter>Header Files</Filter>
    </ClInclude>
    <ClInclude Include="..\Header\misStructSolution.h">
      <Filter>Header Files</Filter>
    </ClInclude>
    <ClInclude Include="..\Header\misVolumeData.h">
      <Filter>Header Files</Filter>
    </ClInclude>
    <ClInclude Include="..\Header\misVolumeRenderingColorMaps.h">
      <Filter>Header Files</Filter>
    </ClInclude>
    <ClInclude Include="stdafx.h">
      <Filter>Header Files</Filter>
    </ClInclude>
    <ClInclude Include="..\Header\misCompeleteImageContainedPolydataDependensiesStrct.h">
      <Filter>Header Files</Filter>
    </ClInclude>
    <ClInclude Include="..\header\misCompositeDataPackage.h">
      <Filter>Header Files</Filter>
    </ClInclude>
    <ClInclude Include="..\header\misPolyData.h">
      <Filter>Header Files</Filter>
    </ClInclude>
    <ClInclude Include="..\Header\misPackageEnums.h">
      <Filter>Header Files</Filter>
    </ClInclude>
    <ClInclude Include="..\Header\misPlanData.h">
      <Filter>Header Files</Filter>
    </ClInclude>
    <ClInclude Include="..\Header\misImageUtilities.h">
      <Filter>Header Files</Filter>
    </ClInclude>
    <ClInclude Include="..\Header\misTripleColorStrct.h">
      <Filter>Header Files</Filter>
    </ClInclude>
    <ClInclude Include="..\Header\misImageContainedPolyDataStructs.h">
      <Filter>Header Files</Filter>
    </ClInclude>
    <ClInclude Include="..\header\misCompeletePolyDataDependensiesStrct.h">
      <Filter>Header Files</Filter>
    </ClInclude>
    <ClInclude Include="..\Header\misVertebraScrewPlanData.h">
      <Filter>Header Files</Filter>
    </ClInclude>
    <ClInclude Include="..\Header\misPackageViewingItemsStrct.h">
      <Filter>Header Files</Filter>
    </ClInclude>
    <ClInclude Include="..\header\misMacros.h">
      <Filter>Header Files</Filter>
    </ClInclude>
    <ClInclude Include="..\header\misDataSetsUtility.h">
      <Filter>Header Files</Filter>
    </ClInclude>
    <ClInclude Include="..\Header\misDataSetManager.h">
      <Filter>Header Files</Filter>
    </ClInclude>
    <ClInclude Include="..\Header\misSimpleDataPackage.h">
      <Filter>Header Files</Filter>
    </ClInclude>
    <ClInclude Include="..\Header\ISimpleDataPackage.h">
      <Filter>Header Files</Filter>
    </ClInclude>
    <ClInclude Include="..\Header\MockSimpleDataPackage.h">
      <Filter>Header Files</Filter>
    </ClInclude>
    <ClInclude Include="..\Header\IDatasetManager.h">
      <Filter>Header Files</Filter>
    </ClInclude>
    <ClInclude Include="..\Header\MockTFIAddressMapper.h">
      <Filter>Header Files</Filter>
    </ClInclude>
    <ClInclude Include="..\Header\misTFIAddressMapper.h">
      <Filter>Header Files</Filter>
    </ClInclude>
    <ClInclude Include="..\Header\MockImage.h">
      <Filter>Header Files</Filter>
    </ClInclude>
    <ClInclude Include="..\Header\INavigationPackageFinder.h">
      <Filter>Header Files</Filter>
    </ClInclude>
    <ClInclude Include="..\header\ModalityToViewingtypeConverter.h">
      <Filter>Header Files</Filter>
    </ClInclude>
    <ClInclude Include="..\header\IVolumeRenderingColorMaps.h">
      <Filter>Header Files</Filter>
    </ClInclude>
    <ClInclude Include="..\header\misAnimalVolumeColormaps.h">
      <Filter>Header Files</Filter>
    </ClInclude>
    <ClInclude Include="..\header\misTableRangeSelector.h">
      <Filter>Header Files</Filter>
    </ClInclude>
    <ClInclude Include="..\header\misMRICOloredColorMap.h">
      <Filter>Header Files</Filter>
    </ClInclude>
    <ClInclude Include="..\Header\IMRIColoredColorMap.h">
      <Filter>Header Files</Filter>
    </ClInclude>
    <ClInclude Include="..\Header\Adapters\PlanRepo.h">
      <Filter>Header Files</Filter>
    </ClInclude>
    <ClInclude Include="..\Header\ExtLibWrappers\PlanFactory.h">
      <Filter>Header Files</Filter>
    </ClInclude>
    <ClInclude Include="..\Header\ExtLibWrappers\PackagePlanRelFactory.h">
      <Filter>Header Files</Filter>
    </ClInclude>
    <ClInclude Include="..\Header\Adapters\PackagePlanRelRepo.h">
      <Filter>Header Files</Filter>
    </ClInclude>
    <ClInclude Include="..\Header\Adapters\PackageRepo.h">
      <Filter>Header Files</Filter>
    </ClInclude>
    <ClInclude Include="..\Header\BusinessEntities\MockPlanRepo.h">
      <Filter>Header Files</Filter>
    </ClInclude>
    <ClInclude Include="..\Header\BusinessEntities\MockPackageRepo.h">
      <Filter>Header Files</Filter>
    </ClInclude>
    <ClInclude Include="..\Header\BusinessEntities\MockPackagePlanRelRepo.h">
      <Filter>Header Files</Filter>
    </ClInclude>
    <ClInclude Include="..\Header\ApplicationBusinessRules\MockPackagePlanRelFactory.h">
      <Filter>Header Files</Filter>
    </ClInclude>
    <ClInclude Include="..\Header\ExtLibWrappers\VectorRotator.h">
      <Filter>Header Files</Filter>
    </ClInclude>
    <ClInclude Include="..\Header\DentalVolumeColormaps.h">
      <Filter>Header Files</Filter>
    </ClInclude>
    <ClInclude Include="..\header\misTransparentSkinColormaps.h">
      <Filter>Header Files</Filter>
    </ClInclude>
    <ClInclude Include="..\header\misVolumeDataDependensies.h">
      <Filter>Header Files</Filter>
    </ClInclude>
    <ClInclude Include="..\header\misLogger.h">
      <Filter>Header Files</Filter>
    </ClInclude>
    <ClInclude Include="..\header\misViewableElement.h">
      <Filter>Header Files</Filter>
    </ClInclude>
    <ClInclude Include="..\Header\PackageListViewingType.h">
      <Filter>Header Files</Filter>
    </ClInclude>
    <ClInclude Include="..\header\misConfirmedImageCounter.h">
      <Filter>Header Files</Filter>
    </ClInclude>
    <ClInclude Include="..\Header\IConfirmedImageCounter.h">
      <Filter>Header Files</Filter>
    </ClInclude>
    <ClInclude Include="..\Header\MockConfirmedImageCounter.h">
      <Filter>Header Files</Filter>
    </ClInclude>
    <ClInclude Include="..\Header\misPackageViewingExtractor.h">
      <Filter>Header Files</Filter>
    </ClInclude>
    <ClInclude Include="..\Header\misImageContained.h">
      <Filter>Header Files</Filter>
    </ClInclude>
    <ClInclude Include="..\Header\misCompeletePlanDataDependensiesStrct.h">
      <Filter>Header Files</Filter>
    </ClInclude>
    <ClInclude Include="..\Header\ICompeleteImageContainedPolydataDependensiesStrct.h">
      <Filter>Header Files</Filter>
    </ClInclude>
    <ClInclude Include="..\Header\IImageContained.h">
      <Filter>Header Files</Filter>
    </ClInclude>
    <ClInclude Include="..\Header\IVolumeData.h">
      <Filter>Header Files</Filter>
    </ClInclude>
    <ClInclude Include="..\Header\IPackageViewingExtractor.h">
      <Filter>Header Files</Filter>
    </ClInclude>
    <ClInclude Include="..\Header\misTest\MockPackageViewingExtractor.h">
      <Filter>Header Files</Filter>
    </ClInclude>
    <ClInclude Include="..\Header\IPackageViewingExtractorFactory.h">
      <Filter>Header Files</Filter>
    </ClInclude>
    <ClInclude Include="..\Header\misTest\MockPackageViewingExtractorFactory.h">
      <Filter>Header Files</Filter>
    </ClInclude>
    <ClInclude Include="..\Header\PackageViewingExtractorFactory.h">
      <Filter>Header Files</Filter>
    </ClInclude>
    <ClInclude Include="..\Header\ICreateCorrelatedPackageList.h">
      <Filter>Header Files</Filter>
    </ClInclude>
    <ClInclude Include="..\header\misCreateCorrelatedPackageList.h">
      <Filter>Header Files</Filter>
    </ClInclude>
    <ClInclude Include="..\header\misPackageVolumeUpdater.h">
      <Filter>Header Files</Filter>
    </ClInclude>
    <ClInclude Include="..\Header\IPackageVolumeUpdater.h">
      <Filter>Header Files</Filter>
    </ClInclude>
    <ClInclude Include="..\Header\IColorMapGenerator.h">
      <Filter>Header Files</Filter>
    </ClInclude>
    <ClInclude Include="..\Header\IVolumeFactory.h">
      <Filter>Header Files</Filter>
    </ClInclude>
    <ClInclude Include="..\header\VolumeFactory.h">
      <Filter>Header Files</Filter>
    </ClInclude>
    <ClInclude Include="..\header\misImageVisibiltyMapGenerator.h">
      <Filter>Header Files</Filter>
    </ClInclude>
    <ClInclude Include="..\Header\ColorMapBoneCT.h">
      <Filter>Header Files</Filter>
    </ClInclude>
    <ClInclude Include="..\Header\CTSkinTransparentColorMap.h">
      <Filter>Header Files</Filter>
    </ClInclude>
    <ClInclude Include="..\Header\CTSkinFilledColorMap.h">
      <Filter>Header Files</Filter>
    </ClInclude>
    <ClInclude Include="CTAllViewingColormap.h">
      <Filter>Header Files</Filter>
    </ClInclude>
    <ClInclude Include="MRAllViewingColorMap.h">
      <Filter>Header Files</Filter>
    </ClInclude>
    <ClInclude Include="..\header\ctSinusViewingColorMap.h">
      <Filter>Header Files</Filter>
    </ClInclude>
    <ClInclude Include="..\header\mrSinusViewingColorMap.h">
      <Filter>Header Files</Filter>
    </ClInclude>
    <ClInclude Include="MRSkinTransparentColorMap.h">
      <Filter>Header Files</Filter>
    </ClInclude>
    <ClInclude Include="MRSkinFilledColorMap.h">
      <Filter>Header Files</Filter>
    </ClInclude>
    <ClInclude Include="..\header\ImagePriorty.h">
      <Filter>Header Files</Filter>
    </ClInclude>
  </ItemGroup>
  <ItemGroup>
    <None Include="ReadMe.txt" />
  </ItemGroup>
</Project>