
Microsoft Visual Studio Solution File, Format Version 12.00
# Visual Studio 15
VisualStudioVersion = 15.0.28307.106
MinimumVisualStudioVersion = 10.0.40219.1
Project("{8BC9CEB8-8B4A-11D0-8D11-00A0C91BC942}") = "misActorsAndMappers", "misSaptialObjects\misSaptialObjects.vcxproj", "{AF032416-1BF4-4627-837A-0D21862F64C4}"
EndProject
Project("{8BC9CEB8-8B4A-11D0-8D11-00A0C91BC942}") = "misRendering", "misRendering\misRendering.vcxproj", "{25130DED-0705-45B3-80D4-39284783976F}"
EndProject
Project("{8BC9CEB8-8B4A-11D0-8D11-00A0C91BC942}") = "misGUIModel", "misGUIModel\misGUIModel.vcxproj", "{3B20BDBA-7FBE-4026-ADF4-23B4B08D2C95}"
EndProject
Project("{8BC9CEB8-8B4A-11D0-8D11-00A0C91BC942}") = "misNavigationFourView", "misNavigationFourView\misNavigationFourView.vcxproj", "{7214FFD2-D773-475B-9DB7-8BAC2C28F694}"
EndProject
Project("{8BC9CEB8-8B4A-11D0-8D11-00A0C91BC942}") = "misVoreenMappers", "misVoreenMappers\misVoreenMappers.vcxproj", "{9EAA9D12-9C0C-4395-8BCA-BFC9ECC56EB9}"
EndProject
Project("{8BC9CEB8-8B4A-11D0-8D11-00A0C91BC942}") = "misViewer", "misViewer\misViewer.vcxproj", "{C7EE4F90-3967-45B2-8812-74E366DC99E3}"
EndProject
Project("{8BC9CEB8-8B4A-11D0-8D11-00A0C91BC942}") = "misWidget", "misWidget\misWidget.vcxproj", "{3DDB422B-A723-4752-9418-BCF45286F33A}"
EndProject
Project("{8BC9CEB8-8B4A-11D0-8D11-00A0C91BC942}") = "misGuiEvents", "misGuiEvents\misGuiEvents.vcxproj", "{119C5660-31DA-4424-B198-03E5671BA5CA}"
EndProject
Project("{8BC9CEB8-8B4A-11D0-8D11-00A0C91BC942}") = "misSegmentationLib", "misSegmentationLib\misSegmentationLib.vcxproj", "{DA9238AF-B5FD-4BFB-A02E-9D2E163E158E}"
EndProject
Project("{8BC9CEB8-8B4A-11D0-8D11-00A0C91BC942}") = "misRepresentation", "misRepresentation\misRepresentation.vcxproj", "{F57356E7-5077-4AF7-B64E-426F2567E58C}"
EndProject
Project("{8BC9CEB8-8B4A-11D0-8D11-00A0C91BC942}") = "misDatasetManager", "misDatasetManager\misDatasetManager.vcxproj", "{B7478955-40ED-4982-B807-09BB25E5493A}"
EndProject
Project("{8BC9CEB8-8B4A-11D0-8D11-00A0C91BC942}") = "misTexture", "misTexture\misTexture.vcxproj", "{51F36FB4-B713-4408-8FFB-F8AF39E6A445}"
EndProject
Project("{8BC9CEB8-8B4A-11D0-8D11-00A0C91BC942}") = "misVisualization", "misVisualization\misVisualization.vcxproj", "{63EACFB0-42C9-4CAA-A87E-17BD6E492D4C}"
EndProject
Project("{2150E333-8FDC-42A3-9474-1A3956D46DE8}") = "Play Ground", "Play Ground", "{7433A41D-A5F9-4B66-B81F-4447EF3E3775}"
EndProject
Project("{2150E333-8FDC-42A3-9474-1A3956D46DE8}") = "BusinessRules", "BusinessRules", "{94A65021-2DBE-43B2-A2DA-1BB68F2F33A1}"
EndProject
Project("{8BC9CEB8-8B4A-11D0-8D11-00A0C91BC942}") = "GeneralBusinessRules", "GeneralBusinessRules\GeneralBusinessRules.vcxproj", "{3067594F-7201-4631-871F-D2917F02EBD2}"
EndProject
Project("{8BC9CEB8-8B4A-11D0-8D11-00A0C91BC942}") = "misViewerIntergrationTest", "misViewerIntergrationTest\misNativeRenderingTest.vcxproj", "{76865111-47AA-4A7E-8A6E-780ABED7C8E3}"
EndProject
Project("{2150E333-8FDC-42A3-9474-1A3956D46DE8}") = "misNative", "misNative", "{A0CDC495-DD2D-4F6F-8DE4-D6AE128BB123}"
EndProject
Project("{8BC9CEB8-8B4A-11D0-8D11-00A0C91BC942}") = "Segmentation3D", "Segmentation3D\Segmentation3D.vcxproj", "{F2942007-65B8-46D4-9BB2-4B3869C0FCF5}"
EndProject
Global
	GlobalSection(SolutionConfigurationPlatforms) = preSolution
		Debug|Any CPU = Debug|Any CPU
		Debug|x64 = Debug|x64
		Debug|x86 = Debug|x86
		Release|Any CPU = Release|Any CPU
		Release|x64 = Release|x64
		Release|x86 = Release|x86
		TestConfig|Any CPU = TestConfig|Any CPU
		TestConfig|x64 = TestConfig|x64
		TestConfig|x86 = TestConfig|x86
	EndGlobalSection
	GlobalSection(ProjectConfigurationPlatforms) = postSolution
		{AF032416-1BF4-4627-837A-0D21862F64C4}.Debug|Any CPU.ActiveCfg = Debug|Win32
		{AF032416-1BF4-4627-837A-0D21862F64C4}.Debug|x64.ActiveCfg = Debug|x64
		{AF032416-1BF4-4627-837A-0D21862F64C4}.Debug|x64.Build.0 = Debug|x64
		{AF032416-1BF4-4627-837A-0D21862F64C4}.Debug|x86.ActiveCfg = Debug|x64
		{AF032416-1BF4-4627-837A-0D21862F64C4}.Release|Any CPU.ActiveCfg = Release|Win32
		{AF032416-1BF4-4627-837A-0D21862F64C4}.Release|x64.ActiveCfg = Release|x64
		{AF032416-1BF4-4627-837A-0D21862F64C4}.Release|x64.Build.0 = Release|x64
		{AF032416-1BF4-4627-837A-0D21862F64C4}.Release|x86.ActiveCfg = Release|Win32
		{AF032416-1BF4-4627-837A-0D21862F64C4}.Release|x86.Build.0 = Release|Win32
		{AF032416-1BF4-4627-837A-0D21862F64C4}.TestConfig|Any CPU.ActiveCfg = Debug|Win32
		{AF032416-1BF4-4627-837A-0D21862F64C4}.TestConfig|Any CPU.Build.0 = Debug|Win32
		{AF032416-1BF4-4627-837A-0D21862F64C4}.TestConfig|x64.ActiveCfg = Release|x64
		{AF032416-1BF4-4627-837A-0D21862F64C4}.TestConfig|x64.Build.0 = Release|x64
		{AF032416-1BF4-4627-837A-0D21862F64C4}.TestConfig|x86.ActiveCfg = Release|x64
		{AF032416-1BF4-4627-837A-0D21862F64C4}.TestConfig|x86.Build.0 = Release|x64
		{25130DED-0705-45B3-80D4-39284783976F}.Debug|Any CPU.ActiveCfg = Debug|Win32
		{25130DED-0705-45B3-80D4-39284783976F}.Debug|x64.ActiveCfg = Debug|x64
		{25130DED-0705-45B3-80D4-39284783976F}.Debug|x64.Build.0 = Debug|x64
		{25130DED-0705-45B3-80D4-39284783976F}.Debug|x86.ActiveCfg = Debug|x64
		{25130DED-0705-45B3-80D4-39284783976F}.Release|Any CPU.ActiveCfg = Release|Win32
		{25130DED-0705-45B3-80D4-39284783976F}.Release|x64.ActiveCfg = Release|x64
		{25130DED-0705-45B3-80D4-39284783976F}.Release|x64.Build.0 = Release|x64
		{25130DED-0705-45B3-80D4-39284783976F}.Release|x86.ActiveCfg = Release|Win32
		{25130DED-0705-45B3-80D4-39284783976F}.Release|x86.Build.0 = Release|Win32
		{25130DED-0705-45B3-80D4-39284783976F}.TestConfig|Any CPU.ActiveCfg = Debug|Win32
		{25130DED-0705-45B3-80D4-39284783976F}.TestConfig|Any CPU.Build.0 = Debug|Win32
		{25130DED-0705-45B3-80D4-39284783976F}.TestConfig|x64.ActiveCfg = Release|x64
		{25130DED-0705-45B3-80D4-39284783976F}.TestConfig|x64.Build.0 = Release|x64
		{25130DED-0705-45B3-80D4-39284783976F}.TestConfig|x86.ActiveCfg = Release|x64
		{25130DED-0705-45B3-80D4-39284783976F}.TestConfig|x86.Build.0 = Release|x64
		{3B20BDBA-7FBE-4026-ADF4-23B4B08D2C95}.Debug|Any CPU.ActiveCfg = Debug|Win32
		{3B20BDBA-7FBE-4026-ADF4-23B4B08D2C95}.Debug|x64.ActiveCfg = Debug|x64
		{3B20BDBA-7FBE-4026-ADF4-23B4B08D2C95}.Debug|x64.Build.0 = Debug|x64
		{3B20BDBA-7FBE-4026-ADF4-23B4B08D2C95}.Debug|x86.ActiveCfg = Debug|x64
		{3B20BDBA-7FBE-4026-ADF4-23B4B08D2C95}.Release|Any CPU.ActiveCfg = Release|Win32
		{3B20BDBA-7FBE-4026-ADF4-23B4B08D2C95}.Release|x64.ActiveCfg = Release|x64
		{3B20BDBA-7FBE-4026-ADF4-23B4B08D2C95}.Release|x64.Build.0 = Release|x64
		{3B20BDBA-7FBE-4026-ADF4-23B4B08D2C95}.Release|x86.ActiveCfg = Release|Win32
		{3B20BDBA-7FBE-4026-ADF4-23B4B08D2C95}.Release|x86.Build.0 = Release|Win32
		{3B20BDBA-7FBE-4026-ADF4-23B4B08D2C95}.TestConfig|Any CPU.ActiveCfg = Debug|Win32
		{3B20BDBA-7FBE-4026-ADF4-23B4B08D2C95}.TestConfig|Any CPU.Build.0 = Debug|Win32
		{3B20BDBA-7FBE-4026-ADF4-23B4B08D2C95}.TestConfig|x64.ActiveCfg = Release|x64
		{3B20BDBA-7FBE-4026-ADF4-23B4B08D2C95}.TestConfig|x64.Build.0 = Release|x64
		{3B20BDBA-7FBE-4026-ADF4-23B4B08D2C95}.TestConfig|x86.ActiveCfg = Release|x64
		{3B20BDBA-7FBE-4026-ADF4-23B4B08D2C95}.TestConfig|x86.Build.0 = Release|x64
		{7214FFD2-D773-475B-9DB7-8BAC2C28F694}.Debug|Any CPU.ActiveCfg = Debug|x64
		{7214FFD2-D773-475B-9DB7-8BAC2C28F694}.Debug|x64.ActiveCfg = Debug|x64
		{7214FFD2-D773-475B-9DB7-8BAC2C28F694}.Debug|x64.Build.0 = Debug|x64
		{7214FFD2-D773-475B-9DB7-8BAC2C28F694}.Debug|x86.ActiveCfg = Debug|x64
		{7214FFD2-D773-475B-9DB7-8BAC2C28F694}.Release|Any CPU.ActiveCfg = Release|x64
		{7214FFD2-D773-475B-9DB7-8BAC2C28F694}.Release|x64.ActiveCfg = Release|x64
		{7214FFD2-D773-475B-9DB7-8BAC2C28F694}.Release|x64.Build.0 = Release|x64
		{7214FFD2-D773-475B-9DB7-8BAC2C28F694}.Release|x86.ActiveCfg = Release|x64
		{7214FFD2-D773-475B-9DB7-8BAC2C28F694}.Release|x86.Build.0 = Release|x64
		{7214FFD2-D773-475B-9DB7-8BAC2C28F694}.TestConfig|Any CPU.ActiveCfg = Release|x64
		{7214FFD2-D773-475B-9DB7-8BAC2C28F694}.TestConfig|Any CPU.Build.0 = Release|x64
		{7214FFD2-D773-475B-9DB7-8BAC2C28F694}.TestConfig|x64.ActiveCfg = Release|x64
		{7214FFD2-D773-475B-9DB7-8BAC2C28F694}.TestConfig|x64.Build.0 = Release|x64
		{7214FFD2-D773-475B-9DB7-8BAC2C28F694}.TestConfig|x86.ActiveCfg = Release|x64
		{7214FFD2-D773-475B-9DB7-8BAC2C28F694}.TestConfig|x86.Build.0 = Release|x64
		{9EAA9D12-9C0C-4395-8BCA-BFC9ECC56EB9}.Debug|Any CPU.ActiveCfg = Debug|Win32
		{9EAA9D12-9C0C-4395-8BCA-BFC9ECC56EB9}.Debug|x64.ActiveCfg = Debug|x64
		{9EAA9D12-9C0C-4395-8BCA-BFC9ECC56EB9}.Debug|x64.Build.0 = Debug|x64
		{9EAA9D12-9C0C-4395-8BCA-BFC9ECC56EB9}.Debug|x86.ActiveCfg = Debug|x64
		{9EAA9D12-9C0C-4395-8BCA-BFC9ECC56EB9}.Release|Any CPU.ActiveCfg = Release|Win32
		{9EAA9D12-9C0C-4395-8BCA-BFC9ECC56EB9}.Release|x64.ActiveCfg = Release|x64
		{9EAA9D12-9C0C-4395-8BCA-BFC9ECC56EB9}.Release|x64.Build.0 = Release|x64
		{9EAA9D12-9C0C-4395-8BCA-BFC9ECC56EB9}.Release|x86.ActiveCfg = Release|Win32
		{9EAA9D12-9C0C-4395-8BCA-BFC9ECC56EB9}.Release|x86.Build.0 = Release|Win32
		{9EAA9D12-9C0C-4395-8BCA-BFC9ECC56EB9}.TestConfig|Any CPU.ActiveCfg = Debug|Win32
		{9EAA9D12-9C0C-4395-8BCA-BFC9ECC56EB9}.TestConfig|Any CPU.Build.0 = Debug|Win32
		{9EAA9D12-9C0C-4395-8BCA-BFC9ECC56EB9}.TestConfig|x64.ActiveCfg = Release|x64
		{9EAA9D12-9C0C-4395-8BCA-BFC9ECC56EB9}.TestConfig|x64.Build.0 = Release|x64
		{9EAA9D12-9C0C-4395-8BCA-BFC9ECC56EB9}.TestConfig|x86.ActiveCfg = Release|x64
		{9EAA9D12-9C0C-4395-8BCA-BFC9ECC56EB9}.TestConfig|x86.Build.0 = Release|x64
		{C7EE4F90-3967-45B2-8812-74E366DC99E3}.Debug|Any CPU.ActiveCfg = Debug|x64
		{C7EE4F90-3967-45B2-8812-74E366DC99E3}.Debug|x64.ActiveCfg = Debug|x64
		{C7EE4F90-3967-45B2-8812-74E366DC99E3}.Debug|x64.Build.0 = Debug|x64
		{C7EE4F90-3967-45B2-8812-74E366DC99E3}.Debug|x86.ActiveCfg = Debug|x64
		{C7EE4F90-3967-45B2-8812-74E366DC99E3}.Release|Any CPU.ActiveCfg = Release|x64
		{C7EE4F90-3967-45B2-8812-74E366DC99E3}.Release|x64.ActiveCfg = Release|x64
		{C7EE4F90-3967-45B2-8812-74E366DC99E3}.Release|x64.Build.0 = Release|x64
		{C7EE4F90-3967-45B2-8812-74E366DC99E3}.Release|x86.ActiveCfg = Release|x64
		{C7EE4F90-3967-45B2-8812-74E366DC99E3}.Release|x86.Build.0 = Release|x64
		{C7EE4F90-3967-45B2-8812-74E366DC99E3}.TestConfig|Any CPU.ActiveCfg = Release|x64
		{C7EE4F90-3967-45B2-8812-74E366DC99E3}.TestConfig|Any CPU.Build.0 = Release|x64
		{C7EE4F90-3967-45B2-8812-74E366DC99E3}.TestConfig|x64.ActiveCfg = Release|x64
		{C7EE4F90-3967-45B2-8812-74E366DC99E3}.TestConfig|x64.Build.0 = Release|x64
		{C7EE4F90-3967-45B2-8812-74E366DC99E3}.TestConfig|x86.ActiveCfg = Release|x64
		{C7EE4F90-3967-45B2-8812-74E366DC99E3}.TestConfig|x86.Build.0 = Release|x64
		{3DDB422B-A723-4752-9418-BCF45286F33A}.Debug|Any CPU.ActiveCfg = Debug|Win32
		{3DDB422B-A723-4752-9418-BCF45286F33A}.Debug|x64.ActiveCfg = Debug|x64
		{3DDB422B-A723-4752-9418-BCF45286F33A}.Debug|x64.Build.0 = Debug|x64
		{3DDB422B-A723-4752-9418-BCF45286F33A}.Debug|x86.ActiveCfg = Debug|x64
		{3DDB422B-A723-4752-9418-BCF45286F33A}.Release|Any CPU.ActiveCfg = Release|Win32
		{3DDB422B-A723-4752-9418-BCF45286F33A}.Release|x64.ActiveCfg = Release|x64
		{3DDB422B-A723-4752-9418-BCF45286F33A}.Release|x64.Build.0 = Release|x64
		{3DDB422B-A723-4752-9418-BCF45286F33A}.Release|x86.ActiveCfg = Release|Win32
		{3DDB422B-A723-4752-9418-BCF45286F33A}.Release|x86.Build.0 = Release|Win32
		{3DDB422B-A723-4752-9418-BCF45286F33A}.TestConfig|Any CPU.ActiveCfg = Debug|Win32
		{3DDB422B-A723-4752-9418-BCF45286F33A}.TestConfig|Any CPU.Build.0 = Debug|Win32
		{3DDB422B-A723-4752-9418-BCF45286F33A}.TestConfig|x64.ActiveCfg = Release|x64
		{3DDB422B-A723-4752-9418-BCF45286F33A}.TestConfig|x64.Build.0 = Release|x64
		{3DDB422B-A723-4752-9418-BCF45286F33A}.TestConfig|x86.ActiveCfg = Release|x64
		{3DDB422B-A723-4752-9418-BCF45286F33A}.TestConfig|x86.Build.0 = Release|x64
		{119C5660-31DA-4424-B198-03E5671BA5CA}.Debug|Any CPU.ActiveCfg = Debug|Win32
		{119C5660-31DA-4424-B198-03E5671BA5CA}.Debug|x64.ActiveCfg = Debug|x64
		{119C5660-31DA-4424-B198-03E5671BA5CA}.Debug|x64.Build.0 = Debug|x64
		{119C5660-31DA-4424-B198-03E5671BA5CA}.Debug|x86.ActiveCfg = Debug|x64
		{119C5660-31DA-4424-B198-03E5671BA5CA}.Release|Any CPU.ActiveCfg = Release|Win32
		{119C5660-31DA-4424-B198-03E5671BA5CA}.Release|x64.ActiveCfg = Release|x64
		{119C5660-31DA-4424-B198-03E5671BA5CA}.Release|x64.Build.0 = Release|x64
		{119C5660-31DA-4424-B198-03E5671BA5CA}.Release|x86.ActiveCfg = Release|Win32
		{119C5660-31DA-4424-B198-03E5671BA5CA}.Release|x86.Build.0 = Release|Win32
		{119C5660-31DA-4424-B198-03E5671BA5CA}.TestConfig|Any CPU.ActiveCfg = Debug|Win32
		{119C5660-31DA-4424-B198-03E5671BA5CA}.TestConfig|Any CPU.Build.0 = Debug|Win32
		{119C5660-31DA-4424-B198-03E5671BA5CA}.TestConfig|x64.ActiveCfg = Release|x64
		{119C5660-31DA-4424-B198-03E5671BA5CA}.TestConfig|x64.Build.0 = Release|x64
		{119C5660-31DA-4424-B198-03E5671BA5CA}.TestConfig|x86.ActiveCfg = Release|x64
		{119C5660-31DA-4424-B198-03E5671BA5CA}.TestConfig|x86.Build.0 = Release|x64
		{DA9238AF-B5FD-4BFB-A02E-9D2E163E158E}.Debug|Any CPU.ActiveCfg = Debug|x64
		{DA9238AF-B5FD-4BFB-A02E-9D2E163E158E}.Debug|x64.ActiveCfg = Debug|x64
		{DA9238AF-B5FD-4BFB-A02E-9D2E163E158E}.Debug|x64.Build.0 = Debug|x64
		{DA9238AF-B5FD-4BFB-A02E-9D2E163E158E}.Debug|x86.ActiveCfg = Debug|x64
		{DA9238AF-B5FD-4BFB-A02E-9D2E163E158E}.Release|Any CPU.ActiveCfg = Release|x64
		{DA9238AF-B5FD-4BFB-A02E-9D2E163E158E}.Release|x64.ActiveCfg = Release|x64
		{DA9238AF-B5FD-4BFB-A02E-9D2E163E158E}.Release|x64.Build.0 = Release|x64
		{DA9238AF-B5FD-4BFB-A02E-9D2E163E158E}.Release|x86.ActiveCfg = Release|x64
		{DA9238AF-B5FD-4BFB-A02E-9D2E163E158E}.Release|x86.Build.0 = Release|x64
		{DA9238AF-B5FD-4BFB-A02E-9D2E163E158E}.TestConfig|Any CPU.ActiveCfg = Release|x64
		{DA9238AF-B5FD-4BFB-A02E-9D2E163E158E}.TestConfig|Any CPU.Build.0 = Release|x64
		{DA9238AF-B5FD-4BFB-A02E-9D2E163E158E}.TestConfig|x64.ActiveCfg = Release|x64
		{DA9238AF-B5FD-4BFB-A02E-9D2E163E158E}.TestConfig|x64.Build.0 = Release|x64
		{DA9238AF-B5FD-4BFB-A02E-9D2E163E158E}.TestConfig|x86.ActiveCfg = Release|x64
		{DA9238AF-B5FD-4BFB-A02E-9D2E163E158E}.TestConfig|x86.Build.0 = Release|x64
		{F57356E7-5077-4AF7-B64E-426F2567E58C}.Debug|Any CPU.ActiveCfg = Debug|Win32
		{F57356E7-5077-4AF7-B64E-426F2567E58C}.Debug|x64.ActiveCfg = Debug|x64
		{F57356E7-5077-4AF7-B64E-426F2567E58C}.Debug|x64.Build.0 = Debug|x64
		{F57356E7-5077-4AF7-B64E-426F2567E58C}.Debug|x86.ActiveCfg = Debug|x64
		{F57356E7-5077-4AF7-B64E-426F2567E58C}.Release|Any CPU.ActiveCfg = Release|Win32
		{F57356E7-5077-4AF7-B64E-426F2567E58C}.Release|x64.ActiveCfg = Release|x64
		{F57356E7-5077-4AF7-B64E-426F2567E58C}.Release|x64.Build.0 = Release|x64
		{F57356E7-5077-4AF7-B64E-426F2567E58C}.Release|x86.ActiveCfg = Release|Win32
		{F57356E7-5077-4AF7-B64E-426F2567E58C}.Release|x86.Build.0 = Release|Win32
		{F57356E7-5077-4AF7-B64E-426F2567E58C}.TestConfig|Any CPU.ActiveCfg = Debug|Win32
		{F57356E7-5077-4AF7-B64E-426F2567E58C}.TestConfig|Any CPU.Build.0 = Debug|Win32
		{F57356E7-5077-4AF7-B64E-426F2567E58C}.TestConfig|x64.ActiveCfg = Release|x64
		{F57356E7-5077-4AF7-B64E-426F2567E58C}.TestConfig|x64.Build.0 = Release|x64
		{F57356E7-5077-4AF7-B64E-426F2567E58C}.TestConfig|x86.ActiveCfg = Release|x64
		{F57356E7-5077-4AF7-B64E-426F2567E58C}.TestConfig|x86.Build.0 = Release|x64
		{B7478955-40ED-4982-B807-09BB25E5493A}.Debug|Any CPU.ActiveCfg = Debug|Win32
		{B7478955-40ED-4982-B807-09BB25E5493A}.Debug|x64.ActiveCfg = Debug|x64
		{B7478955-40ED-4982-B807-09BB25E5493A}.Debug|x64.Build.0 = Debug|x64
		{B7478955-40ED-4982-B807-09BB25E5493A}.Debug|x86.ActiveCfg = Debug|x64
		{B7478955-40ED-4982-B807-09BB25E5493A}.Release|Any CPU.ActiveCfg = Release|Win32
		{B7478955-40ED-4982-B807-09BB25E5493A}.Release|x64.ActiveCfg = Release|x64
		{B7478955-40ED-4982-B807-09BB25E5493A}.Release|x64.Build.0 = Release|x64
		{B7478955-40ED-4982-B807-09BB25E5493A}.Release|x86.ActiveCfg = Release|Win32
		{B7478955-40ED-4982-B807-09BB25E5493A}.Release|x86.Build.0 = Release|Win32
		{B7478955-40ED-4982-B807-09BB25E5493A}.TestConfig|Any CPU.ActiveCfg = Debug|Win32
		{B7478955-40ED-4982-B807-09BB25E5493A}.TestConfig|Any CPU.Build.0 = Debug|Win32
		{B7478955-40ED-4982-B807-09BB25E5493A}.TestConfig|x64.ActiveCfg = Release|x64
		{B7478955-40ED-4982-B807-09BB25E5493A}.TestConfig|x64.Build.0 = Release|x64
		{B7478955-40ED-4982-B807-09BB25E5493A}.TestConfig|x86.ActiveCfg = Release|x64
		{B7478955-40ED-4982-B807-09BB25E5493A}.TestConfig|x86.Build.0 = Release|x64
		{51F36FB4-B713-4408-8FFB-F8AF39E6A445}.Debug|Any CPU.ActiveCfg = Debug|x64
		{51F36FB4-B713-4408-8FFB-F8AF39E6A445}.Debug|x64.ActiveCfg = Debug|x64
		{51F36FB4-B713-4408-8FFB-F8AF39E6A445}.Debug|x64.Build.0 = Debug|x64
		{51F36FB4-B713-4408-8FFB-F8AF39E6A445}.Debug|x86.ActiveCfg = Debug|x64
		{51F36FB4-B713-4408-8FFB-F8AF39E6A445}.Release|Any CPU.ActiveCfg = Release|x64
		{51F36FB4-B713-4408-8FFB-F8AF39E6A445}.Release|x64.ActiveCfg = Release|x64
		{51F36FB4-B713-4408-8FFB-F8AF39E6A445}.Release|x64.Build.0 = Release|x64
		{51F36FB4-B713-4408-8FFB-F8AF39E6A445}.Release|x86.ActiveCfg = Release|x64
		{51F36FB4-B713-4408-8FFB-F8AF39E6A445}.Release|x86.Build.0 = Release|x64
		{51F36FB4-B713-4408-8FFB-F8AF39E6A445}.TestConfig|Any CPU.ActiveCfg = Release|x64
		{51F36FB4-B713-4408-8FFB-F8AF39E6A445}.TestConfig|Any CPU.Build.0 = Release|x64
		{51F36FB4-B713-4408-8FFB-F8AF39E6A445}.TestConfig|x64.ActiveCfg = Release|x64
		{51F36FB4-B713-4408-8FFB-F8AF39E6A445}.TestConfig|x64.Build.0 = Release|x64
		{51F36FB4-B713-4408-8FFB-F8AF39E6A445}.TestConfig|x86.ActiveCfg = Release|x64
		{51F36FB4-B713-4408-8FFB-F8AF39E6A445}.TestConfig|x86.Build.0 = Release|x64
		{63EACFB0-42C9-4CAA-A87E-17BD6E492D4C}.Debug|Any CPU.ActiveCfg = Debug|Win32
		{63EACFB0-42C9-4CAA-A87E-17BD6E492D4C}.Debug|x64.ActiveCfg = Debug|x64
		{63EACFB0-42C9-4CAA-A87E-17BD6E492D4C}.Debug|x64.Build.0 = Debug|x64
		{63EACFB0-42C9-4CAA-A87E-17BD6E492D4C}.Debug|x86.ActiveCfg = Debug|x64
		{63EACFB0-42C9-4CAA-A87E-17BD6E492D4C}.Release|Any CPU.ActiveCfg = Release|Win32
		{63EACFB0-42C9-4CAA-A87E-17BD6E492D4C}.Release|x64.ActiveCfg = Release|x64
		{63EACFB0-42C9-4CAA-A87E-17BD6E492D4C}.Release|x64.Build.0 = Release|x64
		{63EACFB0-42C9-4CAA-A87E-17BD6E492D4C}.Release|x86.ActiveCfg = Release|Win32
		{63EACFB0-42C9-4CAA-A87E-17BD6E492D4C}.Release|x86.Build.0 = Release|Win32
		{63EACFB0-42C9-4CAA-A87E-17BD6E492D4C}.TestConfig|Any CPU.ActiveCfg = Debug|Win32
		{63EACFB0-42C9-4CAA-A87E-17BD6E492D4C}.TestConfig|Any CPU.Build.0 = Debug|Win32
		{63EACFB0-42C9-4CAA-A87E-17BD6E492D4C}.TestConfig|x64.ActiveCfg = Release|x64
		{63EACFB0-42C9-4CAA-A87E-17BD6E492D4C}.TestConfig|x64.Build.0 = Release|x64
		{63EACFB0-42C9-4CAA-A87E-17BD6E492D4C}.TestConfig|x86.ActiveCfg = Release|x64
		{63EACFB0-42C9-4CAA-A87E-17BD6E492D4C}.TestConfig|x86.Build.0 = Release|x64
		{3067594F-7201-4631-871F-D2917F02EBD2}.Debug|Any CPU.ActiveCfg = Debug|Win32
		{3067594F-7201-4631-871F-D2917F02EBD2}.Debug|x64.ActiveCfg = Debug|x64
		{3067594F-7201-4631-871F-D2917F02EBD2}.Debug|x64.Build.0 = Debug|x64
		{3067594F-7201-4631-871F-D2917F02EBD2}.Debug|x86.ActiveCfg = Debug|Win32
		{3067594F-7201-4631-871F-D2917F02EBD2}.Debug|x86.Build.0 = Debug|Win32
		{3067594F-7201-4631-871F-D2917F02EBD2}.Release|Any CPU.ActiveCfg = Release|Win32
		{3067594F-7201-4631-871F-D2917F02EBD2}.Release|x64.ActiveCfg = Release|x64
		{3067594F-7201-4631-871F-D2917F02EBD2}.Release|x64.Build.0 = Release|x64
		{3067594F-7201-4631-871F-D2917F02EBD2}.Release|x86.ActiveCfg = Release|Win32
		{3067594F-7201-4631-871F-D2917F02EBD2}.Release|x86.Build.0 = Release|Win32
		{3067594F-7201-4631-871F-D2917F02EBD2}.TestConfig|Any CPU.ActiveCfg = Release|Win32
		{3067594F-7201-4631-871F-D2917F02EBD2}.TestConfig|Any CPU.Build.0 = Release|Win32
		{3067594F-7201-4631-871F-D2917F02EBD2}.TestConfig|x64.ActiveCfg = Release|x64
		{3067594F-7201-4631-871F-D2917F02EBD2}.TestConfig|x64.Build.0 = Release|x64
		{3067594F-7201-4631-871F-D2917F02EBD2}.TestConfig|x86.ActiveCfg = Release|Win32
		{3067594F-7201-4631-871F-D2917F02EBD2}.TestConfig|x86.Build.0 = Release|Win32
		{76865111-47AA-4A7E-8A6E-780ABED7C8E3}.Debug|Any CPU.ActiveCfg = Debug|x64
		{76865111-47AA-4A7E-8A6E-780ABED7C8E3}.Debug|x64.ActiveCfg = Debug|x64
		{76865111-47AA-4A7E-8A6E-780ABED7C8E3}.Debug|x64.Build.0 = Debug|x64
		{76865111-47AA-4A7E-8A6E-780ABED7C8E3}.Debug|x86.ActiveCfg = Debug|x64
		{76865111-47AA-4A7E-8A6E-780ABED7C8E3}.Release|Any CPU.ActiveCfg = Release|x64
		{76865111-47AA-4A7E-8A6E-780ABED7C8E3}.Release|x64.ActiveCfg = Release|x64
		{76865111-47AA-4A7E-8A6E-780ABED7C8E3}.Release|x64.Build.0 = Release|x64
		{76865111-47AA-4A7E-8A6E-780ABED7C8E3}.Release|x86.ActiveCfg = Release|x64
		{76865111-47AA-4A7E-8A6E-780ABED7C8E3}.TestConfig|Any CPU.ActiveCfg = Release|x64
		{76865111-47AA-4A7E-8A6E-780ABED7C8E3}.TestConfig|Any CPU.Build.0 = Release|x64
		{76865111-47AA-4A7E-8A6E-780ABED7C8E3}.TestConfig|x64.ActiveCfg = Release|x64
		{76865111-47AA-4A7E-8A6E-780ABED7C8E3}.TestConfig|x64.Build.0 = Release|x64
		{76865111-47AA-4A7E-8A6E-780ABED7C8E3}.TestConfig|x86.ActiveCfg = Release|x64
		{76865111-47AA-4A7E-8A6E-780ABED7C8E3}.TestConfig|x86.Build.0 = Release|x64
		{F2942007-65B8-46D4-9BB2-4B3869C0FCF5}.Debug|Any CPU.ActiveCfg = Debug|Win32
		{F2942007-65B8-46D4-9BB2-4B3869C0FCF5}.Debug|x64.ActiveCfg = Debug|x64
		{F2942007-65B8-46D4-9BB2-4B3869C0FCF5}.Debug|x64.Build.0 = Debug|x64
		{F2942007-65B8-46D4-9BB2-4B3869C0FCF5}.Debug|x86.ActiveCfg = Debug|Win32
		{F2942007-65B8-46D4-9BB2-4B3869C0FCF5}.Debug|x86.Build.0 = Debug|Win32
		{F2942007-65B8-46D4-9BB2-4B3869C0FCF5}.Release|Any CPU.ActiveCfg = Release|Win32
		{F2942007-65B8-46D4-9BB2-4B3869C0FCF5}.Release|x64.ActiveCfg = Release|x64
		{F2942007-65B8-46D4-9BB2-4B3869C0FCF5}.Release|x64.Build.0 = Release|x64
		{F2942007-65B8-46D4-9BB2-4B3869C0FCF5}.Release|x86.ActiveCfg = Release|Win32
		{F2942007-65B8-46D4-9BB2-4B3869C0FCF5}.Release|x86.Build.0 = Release|Win32
		{F2942007-65B8-46D4-9BB2-4B3869C0FCF5}.TestConfig|Any CPU.ActiveCfg = Release|x64
		{F2942007-65B8-46D4-9BB2-4B3869C0FCF5}.TestConfig|Any CPU.Build.0 = Release|x64
		{F2942007-65B8-46D4-9BB2-4B3869C0FCF5}.TestConfig|x64.ActiveCfg = Release|x64
		{F2942007-65B8-46D4-9BB2-4B3869C0FCF5}.TestConfig|x64.Build.0 = Release|x64
		{F2942007-65B8-46D4-9BB2-4B3869C0FCF5}.TestConfig|x86.ActiveCfg = Release|Win32
		{F2942007-65B8-46D4-9BB2-4B3869C0FCF5}.TestConfig|x86.Build.0 = Release|Win32
	EndGlobalSection
	GlobalSection(SolutionProperties) = preSolution
		HideSolutionNode = FALSE
	EndGlobalSection
	GlobalSection(NestedProjects) = preSolution
		{AF032416-1BF4-4627-837A-0D21862F64C4} = {A0CDC495-DD2D-4F6F-8DE4-D6AE128BB123}
		{25130DED-0705-45B3-80D4-39284783976F} = {A0CDC495-DD2D-4F6F-8DE4-D6AE128BB123}
		{3B20BDBA-7FBE-4026-ADF4-23B4B08D2C95} = {A0CDC495-DD2D-4F6F-8DE4-D6AE128BB123}
		{7214FFD2-D773-475B-9DB7-8BAC2C28F694} = {A0CDC495-DD2D-4F6F-8DE4-D6AE128BB123}
		{9EAA9D12-9C0C-4395-8BCA-BFC9ECC56EB9} = {A0CDC495-DD2D-4F6F-8DE4-D6AE128BB123}
		{C7EE4F90-3967-45B2-8812-74E366DC99E3} = {A0CDC495-DD2D-4F6F-8DE4-D6AE128BB123}
		{3DDB422B-A723-4752-9418-BCF45286F33A} = {A0CDC495-DD2D-4F6F-8DE4-D6AE128BB123}
		{119C5660-31DA-4424-B198-03E5671BA5CA} = {A0CDC495-DD2D-4F6F-8DE4-D6AE128BB123}
		{DA9238AF-B5FD-4BFB-A02E-9D2E163E158E} = {A0CDC495-DD2D-4F6F-8DE4-D6AE128BB123}
		{F57356E7-5077-4AF7-B64E-426F2567E58C} = {A0CDC495-DD2D-4F6F-8DE4-D6AE128BB123}
		{B7478955-40ED-4982-B807-09BB25E5493A} = {A0CDC495-DD2D-4F6F-8DE4-D6AE128BB123}
		{51F36FB4-B713-4408-8FFB-F8AF39E6A445} = {A0CDC495-DD2D-4F6F-8DE4-D6AE128BB123}
		{63EACFB0-42C9-4CAA-A87E-17BD6E492D4C} = {A0CDC495-DD2D-4F6F-8DE4-D6AE128BB123}
		{3067594F-7201-4631-871F-D2917F02EBD2} = {94A65021-2DBE-43B2-A2DA-1BB68F2F33A1}
		{76865111-47AA-4A7E-8A6E-780ABED7C8E3} = {7433A41D-A5F9-4B66-B81F-4447EF3E3775}
		{F2942007-65B8-46D4-9BB2-4B3869C0FCF5} = {7433A41D-A5F9-4B66-B81F-4447EF3E3775}
	EndGlobalSection
	GlobalSection(ExtensibilityGlobals) = postSolution
		SolutionGuid = {5FC35454-EB0B-4B61-8884-896297635A8E}
	EndGlobalSection
EndGlobal
