<?xml version="1.0" encoding="utf-8"?>
<Project ToolsVersion="4.0" xmlns="http://schemas.microsoft.com/developer/msbuild/2003">
  <ItemGroup>
    <Filter Include="Source Files">
      <UniqueIdentifier>{4FC737F1-C7A5-4376-A066-2A32D752A2FF}</UniqueIdentifier>
      <Extensions>cpp;c;cc;cxx;def;odl;idl;hpj;bat;asm;asmx</Extensions>
    </Filter>
    <Filter Include="Header Files">
      <UniqueIdentifier>{93995380-89BD-4b04-88EB-625FBE52EBFB}</UniqueIdentifier>
      <Extensions>h;hpp;hxx;hm;inl;inc;xsd</Extensions>
    </Filter>
    <Filter Include="Resource Files">
      <UniqueIdentifier>{67DA6AB6-F800-4c08-8B7A-83BB121AAD01}</UniqueIdentifier>
      <Extensions>rc;ico;cur;bmp;dlg;rc2;rct;bin;rgs;gif;jpg;jpeg;jpe;resx;tiff;tif;png;wav;mfcribbon-ms</Extensions>
    </Filter>
  </ItemGroup>
  <ItemGroup>
    <None Include="ReadMe.txt" />
  </ItemGroup>
  <ItemGroup>
    <ClInclude Include="stdafx.h">
      <Filter>Header Files</Filter>
    </ClInclude>
    <ClInclude Include="targetver.h">
      <Filter>Header Files</Filter>
    </ClInclude>
    <ClInclude Include="..\Header\mis3DViewer.h">
      <Filter>Header Files</Filter>
    </ClInclude>
    <ClInclude Include="..\Header\misAutoMeasurment.h">
      <Filter>Header Files</Filter>
    </ClInclude>
    <ClInclude Include="..\Header\misCameraInteraction.h">
      <Filter>Header Files</Filter>
    </ClInclude>
    <ClInclude Include="..\Header\misCursorService.h">
      <Filter>Header Files</Filter>
    </ClInclude>
    <ClInclude Include="..\Header\misImageCallback.h">
      <Filter>Header Files</Filter>
    </ClInclude>
    <ClInclude Include="..\Header\misImageViewerObserver.h">
      <Filter>Header Files</Filter>
    </ClInclude>
    <ClInclude Include="..\Header\misMeasurment.h">
      <Filter>Header Files</Filter>
    </ClInclude>
    <ClInclude Include="..\Header\misZoomFinder.h">
      <Filter>Header Files</Filter>
    </ClInclude>
    <ClInclude Include="..\Header\misDistributionStruct.h">
      <Filter>Header Files</Filter>
    </ClInclude>
    <ClInclude Include="..\Header\misRenderer.h">
      <Filter>Header Files</Filter>
    </ClInclude>
    <ClInclude Include="..\Header\misStageBase.h">
      <Filter>Header Files</Filter>
    </ClInclude>
    <ClInclude Include="..\Header\misCameraAutomaticZoomController.h">
      <Filter>Header Files</Filter>
    </ClInclude>
    <ClInclude Include="..\Header\misPlaneAndBoxConfiguration.h">
      <Filter>Header Files</Filter>
    </ClInclude>
    <ClInclude Include="..\Header\IImageSliceViewSettings.h">
      <Filter>Header Files</Filter>
    </ClInclude>
    <ClInclude Include="..\Header\misImageSliceViewSettings.h">
      <Filter>Header Files</Filter>
    </ClInclude>
    <ClInclude Include="..\Header\MockImageSliceViewSettings.h">
      <Filter>Header Files</Filter>
    </ClInclude>
    <ClInclude Include="..\Header\misScrewCompound.h">
      <Filter>Header Files</Filter>
    </ClInclude>
    <ClInclude Include="..\Header\IMedicalImageViewer.h">
      <Filter>Header Files</Filter>
    </ClInclude>
    <ClInclude Include="..\Header\MockLandmarkAccessoryPositions.h">
      <Filter>Header Files</Filter>
    </ClInclude>
    <ClInclude Include="..\Header\IPanoramicTransformConverter.h">
      <Filter>Header Files</Filter>
    </ClInclude>
    <ClInclude Include="..\Header\misPanoramicTransformConverter.h">
      <Filter>Header Files</Filter>
    </ClInclude>
    <ClInclude Include="..\Header\MockPanoramicTransformConverter.h">
      <Filter>Header Files</Filter>
    </ClInclude>
    <ClInclude Include="..\Header\misScrewWidgetData.h">
      <Filter>Header Files</Filter>
    </ClInclude>
    <ClInclude Include="..\Header\IMap2D.h">
      <Filter>Header Files</Filter>
    </ClInclude>
    <ClInclude Include="..\Header\IPanoramicCoordinatesConverter.h">
      <Filter>Header Files</Filter>
    </ClInclude>
    <ClInclude Include="..\Header\misPanoramicCoordinatesConverter.h">
      <Filter>Header Files</Filter>
    </ClInclude>
    <ClInclude Include="..\Header\FakeMap2D.h">
      <Filter>Header Files</Filter>
    </ClInclude>
    <ClInclude Include="..\Header\misMap2D.h">
      <Filter>Header Files</Filter>
    </ClInclude>
    <ClInclude Include="..\Header\IBarycentricInterpolation.h">
      <Filter>Header Files</Filter>
    </ClInclude>
    <ClInclude Include="..\header\misBarycentricInterpolation.h">
      <Filter>Header Files</Filter>
    </ClInclude>
    <ClInclude Include="..\header\FakeBarycentricInterpolation.h">
      <Filter>Header Files</Filter>
    </ClInclude>
    <ClInclude Include="..\Header\misPanoramicTextureGenerator.h">
      <Filter>Header Files</Filter>
    </ClInclude>
    <ClInclude Include="..\Header\MockPanoramicCoordinatesConverter.h">
      <Filter>Header Files</Filter>
    </ClInclude>
    <ClInclude Include="..\Header\ITextureGenerator.h">
      <Filter>Header Files</Filter>
    </ClInclude>
    <ClInclude Include="..\Header\IParametricSpline.h">
      <Filter>Header Files</Filter>
    </ClInclude>
    <ClInclude Include="..\Header\misParametricSpline.h">
      <Filter>Header Files</Filter>
    </ClInclude>
    <ClInclude Include="..\Header\MockParametricSpline.h">
      <Filter>Header Files</Filter>
    </ClInclude>
    <ClInclude Include="..\Header\ApplicationBusinessRules\ViewVectors.h">
      <Filter>Header Files</Filter>
    </ClInclude>
    <ClInclude Include="..\Header\Adapters\IDentalViewVector.h">
      <Filter>Header Files</Filter>
    </ClInclude>
    <ClInclude Include="..\Header\Adapters\MockDentalViewVector.h">
      <Filter>Header Files</Filter>
    </ClInclude>
    <ClInclude Include="..\Header\Adapters\ISquareQuadCreator.h">
      <Filter>Header Files</Filter>
    </ClInclude>
    <ClInclude Include="..\Header\ExtLibWrappers\DentalImageSliceViewSettings.h">
      <Filter>Header Files</Filter>
    </ClInclude>
    <ClInclude Include="..\Header\ApplicationBusinessRules\DentalViewVector.h">
      <Filter>Header Files</Filter>
    </ClInclude>
    <ClInclude Include="..\Header\Adapters\MockSquareQuadCreator.h">
      <Filter>Header Files</Filter>
    </ClInclude>
    <ClInclude Include="..\Header\Adapters\SquareQuadCreator.h">
      <Filter>Header Files</Filter>
    </ClInclude>
    <ClInclude Include="..\Header\Adapters\IMathUtilsWrapper.h">
      <Filter>Header Files</Filter>
    </ClInclude>
    <ClInclude Include="..\Header\Adapters\MockMathUtilsWrapper.h">
      <Filter>Header Files</Filter>
    </ClInclude>
    <ClInclude Include="..\header\misWindowsLayout.h">
      <Filter>Header Files</Filter>
    </ClInclude>
    <ClInclude Include="..\header\misImageViewerAnnotations.h">
      <Filter>Header Files</Filter>
    </ClInclude>
    <ClInclude Include="..\header\misImageViewerContainer.h">
      <Filter>Header Files</Filter>
    </ClInclude>
    <ClInclude Include="..\header\misPanoramicViewerContainer.h">
      <Filter>Header Files</Filter>
    </ClInclude>
    <ClInclude Include="..\Header\I3DViewer.h">
      <Filter>Header Files</Filter>
    </ClInclude>
    <ClInclude Include="..\Header\Mock3Dviewer.h">
      <Filter>Header Files</Filter>
    </ClInclude>
    <ClInclude Include="..\header\misVoreenVolumeRenderingViewer.h">
      <Filter>Header Files</Filter>
    </ClInclude>
    <ClInclude Include="..\header\misLandmarkVisualizer.h">
      <Filter>Header Files</Filter>
    </ClInclude>
    <ClInclude Include="..\Header\IPanoramicViewer.h">
      <Filter>Header Files</Filter>
    </ClInclude>
    <ClInclude Include="..\Header\Mock3DLandmarkViewer.h">
      <Filter>Header Files</Filter>
    </ClInclude>
    <ClInclude Include="..\Header\IScrewCompound.h">
      <Filter>Header Files</Filter>
    </ClInclude>
    <ClInclude Include="..\header\misSeedBoundingCalculator.h">
      <Filter>Header Files</Filter>
    </ClInclude>
    <ClInclude Include="..\header\mis2DROIActivation.h">
      <Filter>Header Files</Filter>
    </ClInclude>
    <ClInclude Include="..\header\misVolumeData3DViewer.h">
      <Filter>Header Files</Filter>
    </ClInclude>
    <ClInclude Include="..\Header\MockRepresentationFactory.h">
      <Filter>Header Files</Filter>
    </ClInclude>
    <ClInclude Include="..\Header\ICursorService.h">
      <Filter>Header Files</Filter>
    </ClInclude>
    <ClInclude Include="..\Header\MockCursorService.h">
      <Filter>Header Files</Filter>
    </ClInclude>
    <ClInclude Include="..\Header\IImageViwer.h">
      <Filter>Header Files</Filter>
    </ClInclude>
    <ClInclude Include="..\Header\ApplicationBusinessRules\PlanTransformUpdater.h">
      <Filter>Header Files</Filter>
    </ClInclude>
    <ClInclude Include="..\Header\IPlaneVisibilityUpdater.h">
      <Filter>Header Files</Filter>
    </ClInclude>
    <ClInclude Include="..\Header\IToolRepresentationDecider.h">
      <Filter>Header Files</Filter>
    </ClInclude>
    <ClInclude Include="..\Header\IOpenGLContextSharing.h">
      <Filter>Header Files</Filter>
    </ClInclude>
    <ClInclude Include="..\Header\MockOpenGLContextSharing.h">
      <Filter>Header Files</Filter>
    </ClInclude>
    <ClInclude Include="..\Header\misOpenGLContextSharing.h">
      <Filter>Header Files</Filter>
    </ClInclude>
    <ClInclude Include="..\Header\ApplicationBusinessRules\AdaptiveZoomCalculator.h">
      <Filter>Header Files</Filter>
    </ClInclude>
    <ClInclude Include="..\Header\ILandmarkLablePositionCalculator.h">
      <Filter>Header Files</Filter>
    </ClInclude>
    <ClInclude Include="..\Header\LandmarkLablePositionCalculator.h">
      <Filter>Header Files</Filter>
    </ClInclude>
    <ClInclude Include="..\Header\ApplicationBusinessRules\CameraPositionCalculator.h">
      <Filter>Header Files</Filter>
    </ClInclude>
    <ClInclude Include="..\Header\ApplicationBusinessRules\ICameraPositionCalculator.h">
      <Filter>Header Files</Filter>
    </ClInclude>
    <ClInclude Include="..\Header\Adapters\IPlanNavigationVisualizer.h">
      <Filter>Header Files</Filter>
    </ClInclude>
    <ClInclude Include="..\Header\IUpdateLandmarkCameraView.h">
      <Filter>Header Files</Filter>
    </ClInclude>
    <ClInclude Include="..\header\misUpdateLandmarkCameraView.h">
      <Filter>Header Files</Filter>
    </ClInclude>
    <ClInclude Include="..\Header\IInitializeScrewWidget.h">
      <Filter>Header Files</Filter>
    </ClInclude>
    <ClInclude Include="..\Header\misInitializeScrewWidget.h">
      <Filter>Header Files</Filter>
    </ClInclude>
    <ClInclude Include="..\Header\IPlanSourceFactory.h">
      <Filter>Header Files</Filter>
    </ClInclude>
    <ClInclude Include="..\Header\misPlanSourceFactory.h">
      <Filter>Header Files</Filter>
    </ClInclude>
    <ClInclude Include="..\Header\misLandamrkListCategorizer.h">
      <Filter>Header Files</Filter>
    </ClInclude>
    <ClInclude Include="..\Header\ILandamrkListCategorizer.h">
      <Filter>Header Files</Filter>
    </ClInclude>
    <ClInclude Include="..\Header\BusinessEntities\vertex.h">
      <Filter>Header Files</Filter>
    </ClInclude>
    <ClInclude Include="..\Header\BusinessEntities\IVectorRotator.h">
      <Filter>Header Files</Filter>
    </ClInclude>
    <ClInclude Include="..\Header\ExtLibWrappers\VectorRotator.h">
      <Filter>Header Files</Filter>
    </ClInclude>
    <ClInclude Include="..\header\ILandmarkVisibilty.h">
      <Filter>Header Files</Filter>
    </ClInclude>
    <ClInclude Include="..\header\LandmarkVisibilty.h">
      <Filter>Header Files</Filter>
    </ClInclude>
    <ClInclude Include="..\Header\IVolumeSlicer.h">
      <Filter>Header Files</Filter>
    </ClInclude>
    <ClInclude Include="..\Header\IVolumeRayCaster.h">
      <Filter>Header Files</Filter>
    </ClInclude>
    <ClInclude Include="..\Header\IVolumeRenderer.h">
      <Filter>Header Files</Filter>
    </ClInclude>
    <ClInclude Include="..\Header\IVolume3DRenderer.h">
      <Filter>Header Files</Filter>
    </ClInclude>
    <ClInclude Include="..\Header\misVolumeSlicer.h">
      <Filter>Header Files</Filter>
    </ClInclude>
    <ClInclude Include="..\header\mis3DVolumeRenderer.h">
      <Filter>Header Files</Filter>
    </ClInclude>
    <ClInclude Include="..\header\misVolumeRenderer.h">
      <Filter>Header Files</Filter>
    </ClInclude>
    <ClInclude Include="..\header\misVolumeRendererContainer.h">
      <Filter>Header Files</Filter>
    </ClInclude>
    <ClInclude Include="..\Header\IUpdatePlaneVisibilitiy.h">
      <Filter>Header Files</Filter>
    </ClInclude>
    <ClInclude Include="..\Header\misChangeZoomPercentageCore.h">
      <Filter>Header Files</Filter>
    </ClInclude>
    <ClInclude Include="..\Header\LandmarkLablePositionCalculatorFactory.h">
      <Filter>Header Files</Filter>
    </ClInclude>
    <ClInclude Include="..\Header\LandmarkLablePositionCalculatorSpine.h">
      <Filter>Header Files</Filter>
    </ClInclude>
    <ClInclude Include="..\Header\CameraPositionCalculatorFactory.h">
      <Filter>Header Files</Filter>
    </ClInclude>
    <ClInclude Include="..\Header\CameraPositionCalculatorSpine.h">
      <Filter>Header Files</Filter>
    </ClInclude>
    <ClInclude Include="..\Header\IMedicalCameraDirection.h">
      <Filter>Header Files</Filter>
    </ClInclude>
    <ClInclude Include="..\Header\MedicalCameraDirectionSpine.h">
      <Filter>Header Files</Filter>
    </ClInclude>
    <ClInclude Include="..\Header\MedicalCameraDirection.h">
      <Filter>Header Files</Filter>
    </ClInclude>
    <ClInclude Include="..\Header\MedicalCameraDirectionFactory.h">
      <Filter>Header Files</Filter>
    </ClInclude>
    <ClInclude Include="..\Header\ScrewViewerFactory.h">
      <Filter>Header Files</Filter>
    </ClInclude>
    <ClInclude Include="..\Header\Screw3DViewer.h">
      <Filter>Header Files</Filter>
    </ClInclude>
    <ClInclude Include="..\Header\Screw2DViewer.h">
      <Filter>Header Files</Filter>
    </ClInclude>
    <ClInclude Include="..\Header\IScrewViewer.h">
      <Filter>Header Files</Filter>
    </ClInclude>
    <ClInclude Include="..\header\ScrewViewer.h">
      <Filter>Header Files</Filter>
    </ClInclude>
    <ClInclude Include="..\Header\IScrew3DViewer.h">
      <Filter>Header Files</Filter>
    </ClInclude>
    <ClInclude Include="..\header\PointSelectAction.h">
      <Filter>Header Files</Filter>
    </ClInclude>
    <ClInclude Include="..\header\BackToPanMode.h">
      <Filter>Header Files</Filter>
    </ClInclude>
    <ClInclude Include="..\Header\IBackToPanMode.h">
      <Filter>Header Files</Filter>
    </ClInclude>
    <ClInclude Include="ConvertMousexyToWorldCoordinate.h">
      <Filter>Header Files</Filter>
    </ClInclude>
    <ClInclude Include="..\Header\BrushImageGeneration.h">
      <Filter>Header Files</Filter>
    </ClInclude>
    <ClInclude Include="..\Header\LandmarkDataAndType.h">
      <Filter>Header Files</Filter>
    </ClInclude>
  </ItemGroup>
  <ItemGroup>
    <ClCompile Include="stdafx.cpp">
      <Filter>Source Files</Filter>
    </ClCompile>
    <ClCompile Include="mis3DViewer.cpp">
      <Filter>Source Files</Filter>
    </ClCompile>
    <ClCompile Include="misAutoMeasurment.cpp">
      <Filter>Source Files</Filter>
    </ClCompile>
    <ClCompile Include="misCameraInteraction.cpp">
      <Filter>Source Files</Filter>
    </ClCompile>
    <ClCompile Include="misCursorService.cpp">
      <Filter>Source Files</Filter>
    </ClCompile>
    <ClCompile Include="misImageCallback.cpp">
      <Filter>Source Files</Filter>
    </ClCompile>
    <ClCompile Include="misImageViewerObserver.cpp">
      <Filter>Source Files</Filter>
    </ClCompile>
    <ClCompile Include="misMeasurment.cpp">
      <Filter>Source Files</Filter>
    </ClCompile>
    <ClCompile Include="misZoomFinder.cpp">
      <Filter>Source Files</Filter>
    </ClCompile>
    <ClCompile Include="misDistributionStruct.cpp">
      <Filter>Source Files</Filter>
    </ClCompile>
    <ClCompile Include="misStageBase.cpp">
      <Filter>Source Files</Filter>
    </ClCompile>
    <ClCompile Include="misRenderer.cpp">
      <Filter>Source Files</Filter>
    </ClCompile>
    <ClCompile Include="misCameraAutomaticZoomController.cpp">
      <Filter>Source Files</Filter>
    </ClCompile>
    <ClCompile Include="misPlaneAndBoxConfiguration.cpp">
      <Filter>Source Files</Filter>
    </ClCompile>
    <ClCompile Include="misImageSliceViewSettings.cpp">
      <Filter>Source Files</Filter>
    </ClCompile>
    <ClCompile Include="misScrewCompound.cpp">
      <Filter>Source Files</Filter>
    </ClCompile>
    <ClCompile Include="misPanoramicTransformConverter.cpp">
      <Filter>Source Files</Filter>
    </ClCompile>
    <ClCompile Include="misPanoramicCoordinatesConverter.cpp">
      <Filter>Source Files</Filter>
    </ClCompile>
    <ClCompile Include="misPanoramicTextureGenerator.cpp">
      <Filter>Source Files</Filter>
    </ClCompile>
    <ClCompile Include="misParametricSpline.cpp">
      <Filter>Source Files</Filter>
    </ClCompile>
    <ClCompile Include="DentalImageSliceViewSettings.cpp">
      <Filter>Source Files</Filter>
    </ClCompile>
    <ClCompile Include="DentalViewVector.cpp">
      <Filter>Source Files</Filter>
    </ClCompile>
    <ClCompile Include="SquareQuadCreator.cpp">
      <Filter>Source Files</Filter>
    </ClCompile>
    <ClCompile Include="misBoneSkineVolume.cpp">
      <Filter>Source Files</Filter>
    </ClCompile>
    <ClCompile Include="misVolumeThresholdSetting.cpp">
      <Filter>Source Files</Filter>
    </ClCompile>
    <ClCompile Include="misImageViewerAnnotations.cpp">
      <Filter>Source Files</Filter>
    </ClCompile>
    <ClCompile Include="misImageViewerContainer.cpp">
      <Filter>Source Files</Filter>
    </ClCompile>
    <ClCompile Include="misVoreenVolumeRenderingViewer.cpp">
      <Filter>Source Files</Filter>
    </ClCompile>
    <ClCompile Include="misLandmarkVisualizer.cpp">
      <Filter>Source Files</Filter>
    </ClCompile>
    <ClCompile Include="misSeedBoundingCalculator.cpp">
      <Filter>Source Files</Filter>
    </ClCompile>
    <ClCompile Include="mis2DROIActivation.cpp">
      <Filter>Source Files</Filter>
    </ClCompile>
    <ClCompile Include="PlanTransformUpdater.cpp">
      <Filter>Source Files</Filter>
    </ClCompile>
    <ClCompile Include="misOpenGlContextSharing.cpp">
      <Filter>Source Files</Filter>
    </ClCompile>
    <ClCompile Include="AdaptiveZoomCalculator.cpp">
      <Filter>Source Files</Filter>
    </ClCompile>
    <ClCompile Include="LandmarkLablePositionCalculator.cpp">
      <Filter>Source Files</Filter>
    </ClCompile>
    <ClCompile Include="CameraPositionCalculator.cpp">
      <Filter>Source Files</Filter>
    </ClCompile>
    <ClCompile Include="misUpdateLandmarkCameraView.cpp">
      <Filter>Source Files</Filter>
    </ClCompile>
    <ClCompile Include="misInitializeScrewWidget.cpp">
      <Filter>Source Files</Filter>
    </ClCompile>
    <ClCompile Include="misPlanSourceFactory.cpp">
      <Filter>Source Files</Filter>
    </ClCompile>
    <ClCompile Include="misLandamrkListCategorizer.cpp">
      <Filter>Source Files</Filter>
    </ClCompile>
    <ClCompile Include="LandmarkVisibilty.cpp">
      <Filter>Source Files</Filter>
    </ClCompile>
    <ClCompile Include="misVolumeSlicer.cpp">
      <Filter>Source Files</Filter>
    </ClCompile>
    <ClCompile Include="mis3DVolumeRenderer.cpp">
      <Filter>Source Files</Filter>
    </ClCompile>
    <ClCompile Include="misVolumeRenderer.cpp">
      <Filter>Source Files</Filter>
    </ClCompile>
    <ClCompile Include="misVolumeRendererContainer.cpp">
      <Filter>Source Files</Filter>
    </ClCompile>
    <ClCompile Include="LandmarkLablePositionCalculatorFactory.cpp">
      <Filter>Source Files</Filter>
    </ClCompile>
    <ClCompile Include="LandmarkLablePositionCalculatorSpine.cpp">
      <Filter>Source Files</Filter>
    </ClCompile>
    <ClCompile Include="MedicalCameraDirection.cpp">
      <Filter>Source Files</Filter>
    </ClCompile>
    <ClCompile Include="MedicalCameraDirectionSpine.cpp">
      <Filter>Source Files</Filter>
    </ClCompile>
    <ClCompile Include="MedicalCameraDirectionFactory.cpp">
      <Filter>Source Files</Filter>
    </ClCompile>
    <ClCompile Include="Screw2DViewer.cpp">
      <Filter>Source Files</Filter>
    </ClCompile>
    <ClCompile Include="Screw3DViewer.cpp">
      <Filter>Source Files</Filter>
    </ClCompile>
    <ClCompile Include="ScrewViewerFactory.cpp">
      <Filter>Source Files</Filter>
    </ClCompile>
    <ClCompile Include="ScrewViewer.cpp">
      <Filter>Source Files</Filter>
    </ClCompile>
    <ClCompile Include="PointSelectAction.cpp">
      <Filter>Source Files</Filter>
    </ClCompile>
    <ClCompile Include="BackToPanMode.cpp">
      <Filter>Source Files</Filter>
    </ClCompile>
    <ClCompile Include="ConvertMousexyToWorldCoordinate.cpp">
      <Filter>Source Files</Filter>
    </ClCompile>
    <ClCompile Include="BrushImageGeneration.cpp">
      <Filter>Source Files</Filter>
    </ClCompile>
  </ItemGroup>
</Project>