<?xml version="1.0" encoding="utf-8"?>
<Project ToolsVersion="4.0" xmlns="http://schemas.microsoft.com/developer/msbuild/2003">
  <ItemGroup>
    <Filter Include="Source Files">
      <UniqueIdentifier>{4FC737F1-C7A5-4376-A066-2A32D752A2FF}</UniqueIdentifier>
      <Extensions>cpp;c;cc;cxx;def;odl;idl;hpj;bat;asm;asmx</Extensions>
    </Filter>
    <Filter Include="Header Files">
      <UniqueIdentifier>{93995380-89BD-4b04-88EB-625FBE52EBFB}</UniqueIdentifier>
      <Extensions>h;hpp;hxx;hm;inl;inc;xsd</Extensions>
    </Filter>
  </ItemGroup>
  <ItemGroup>
    <None Include="ReadMe.txt" />
    <None Include="Representations.cd" />
  </ItemGroup>
  <ItemGroup>
    <ClInclude Include="stdafx.h">
      <Filter>Header Files</Filter>
    </ClInclude>
    <ClInclude Include="targetver.h">
      <Filter>Header Files</Filter>
    </ClInclude>
    <ClInclude Include="..\Header\misAnnotationRepresentation.h">
      <Filter>Header Files</Filter>
    </ClInclude>
    <ClInclude Include="..\Header\misFrustumRepresentation.h">
      <Filter>Header Files</Filter>
    </ClInclude>
    <ClInclude Include="..\Header\misLandMarkLabel.h">
      <Filter>Header Files</Filter>
    </ClInclude>
    <ClInclude Include="..\Header\misLandmarkPointerRepresentation.h">
      <Filter>Header Files</Filter>
    </ClInclude>
    <ClInclude Include="..\Header\misManModelrepresentation.h">
      <Filter>Header Files</Filter>
    </ClInclude>
    <ClInclude Include="..\Header\misPointLandMark.h">
      <Filter>Header Files</Filter>
    </ClInclude>
    <ClInclude Include="..\Header\misRepresentation.h">
      <Filter>Header Files</Filter>
    </ClInclude>
    <ClInclude Include="..\Header\misSeedRepresentation.h">
      <Filter>Header Files</Filter>
    </ClInclude>
    <ClInclude Include="..\Header\misSpherePointLandmark.h">
      <Filter>Header Files</Filter>
    </ClInclude>
    <ClInclude Include="..\Header\misSurfaceRepresentation.h">
      <Filter>Header Files</Filter>
    </ClInclude>
    <ClInclude Include="..\Header\misTextRepresentation.h">
      <Filter>Header Files</Filter>
    </ClInclude>
    <ClInclude Include="..\Header\misToolRepresentation.h">
      <Filter>Header Files</Filter>
    </ClInclude>
    <ClInclude Include="..\Header\misDistanceRepresentation2D.h">
      <Filter>Header Files</Filter>
    </ClInclude>
    <ClInclude Include="..\Header\misAnnoatationGroupRep.h">
      <Filter>Header Files</Filter>
    </ClInclude>
    <ClInclude Include="..\Header\misGpuVideoRepresentation.h">
      <Filter>Header Files</Filter>
    </ClInclude>
    <ClInclude Include="..\Header\misDepthIndicatorRepresentation.h">
      <Filter>Header Files</Filter>
    </ClInclude>
    <ClInclude Include="..\Header\misNavigationState.h">
      <Filter>Header Files</Filter>
    </ClInclude>
    <ClInclude Include="..\Header\misNavigationGuideObject.h">
      <Filter>Header Files</Filter>
    </ClInclude>
    <ClInclude Include="..\Header\misSpatialObject.h">
      <Filter>Header Files</Filter>
    </ClInclude>
    <ClInclude Include="..\Header\misPlanStartNavigationGuideObject.h">
      <Filter>Header Files</Filter>
    </ClInclude>
    <ClInclude Include="..\Header\misTrackingToolSpatialObject.h">
      <Filter>Header Files</Filter>
    </ClInclude>
    <ClInclude Include="..\Header\misPlanAxisNavigationGuideObject.h">
      <Filter>Header Files</Filter>
    </ClInclude>
    <ClInclude Include="..\Header\misPlanDepthNavigationGuideObject.h">
      <Filter>Header Files</Filter>
    </ClInclude>
    <ClInclude Include="..\Header\misPlannedScrewSpatialObject.h">
      <Filter>Header Files</Filter>
    </ClInclude>
    <ClInclude Include="..\header\misToolShapeBuilder.h">
      <Filter>Header Files</Filter>
    </ClInclude>
    <ClInclude Include="..\header\IToolShapeBuilder.h">
      <Filter>Header Files</Filter>
    </ClInclude>
    <ClInclude Include="..\header\ICoordinateSystemRenderer.h">
      <Filter>Header Files</Filter>
    </ClInclude>
    <ClInclude Include="..\header\misToolCoordinateSystemRenderer.h">
      <Filter>Header Files</Filter>
    </ClInclude>
    <ClInclude Include="..\Header\misOrientationNavigationGuideObject.h">
      <Filter>Header Files</Filter>
    </ClInclude>
    <ClInclude Include="..\Header\misPanoramicRepresentation.h">
      <Filter>Header Files</Filter>
    </ClInclude>
    <ClInclude Include="..\Header\misPanoramicToolCoordSysRenderer.h">
      <Filter>Header Files</Filter>
    </ClInclude>
    <ClInclude Include="..\Header\misPlanarRepresentation.h">
      <Filter>Header Files</Filter>
    </ClInclude>
    <ClInclude Include="..\Header\misStrct3DLayer.h">
      <Filter>Header Files</Filter>
    </ClInclude>
    <ClInclude Include="..\header\misRepresentationContainer.h">
      <Filter>Header Files</Filter>
    </ClInclude>
    <ClInclude Include="..\Header\IToolRepresentation.h">
      <Filter>Header Files</Filter>
    </ClInclude>
    <ClInclude Include="..\Header\MockToolShapeBuilder.h">
      <Filter>Header Files</Filter>
    </ClInclude>
    <ClInclude Include="..\Header\MockToolRepresentation.h">
      <Filter>Header Files</Filter>
    </ClInclude>
    <ClInclude Include="..\Header\MockRepresentation.h">
      <Filter>Header Files</Filter>
    </ClInclude>
    <ClInclude Include="..\Header\IRepresentation.h">
      <Filter>Header Files</Filter>
    </ClInclude>
    <ClInclude Include="..\Header\ILandMarkLabel.h">
      <Filter>Header Files</Filter>
    </ClInclude>
    <ClInclude Include="..\Header\ILandmarkPointerRepresentation.h">
      <Filter>Header Files</Filter>
    </ClInclude>
    <ClInclude Include="..\Header\IPartialVolumeBaseRepresentation.h">
      <Filter>Header Files</Filter>
    </ClInclude>
    <ClInclude Include="..\Header\IVolumeRepresentation.h">
      <Filter>Header Files</Filter>
    </ClInclude>
    <ClInclude Include="..\Header\misVoreenRepresentation.h">
      <Filter>Header Files</Filter>
    </ClInclude>
    <ClInclude Include="..\Header\misVisibiltyHolder.h">
      <Filter>Header Files</Filter>
    </ClInclude>
    <ClInclude Include="..\Header\IVisibiltyHolder.h">
      <Filter>Header Files</Filter>
    </ClInclude>
    <ClInclude Include="..\Header\MockVisibiltyHolder.h">
      <Filter>Header Files</Filter>
    </ClInclude>
    <ClInclude Include="..\Header\misImagePlaneInformationStrct.h">
      <Filter>Header Files</Filter>
    </ClInclude>
    <ClInclude Include="..\Header\BusinessEntities\ILandmarkColor.h">
      <Filter>Header Files</Filter>
    </ClInclude>
    <ClInclude Include="..\Header\BusinessEntities\LandmarkColor.h">
      <Filter>Header Files</Filter>
    </ClInclude>
    <ClInclude Include="..\Header\ApplicationBusinessRules\IVirtualTipBuilder.h">
      <Filter>Header Files</Filter>
    </ClInclude>
    <ClInclude Include="..\Header\ExtLibWrappers\BiopsyVirtualTipBuilder.h">
      <Filter>Header Files</Filter>
    </ClInclude>
    <ClInclude Include="..\Header\ExtLibWrappers\GeneralVirtualTipBuilder.h">
      <Filter>Header Files</Filter>
    </ClInclude>
    <ClInclude Include="..\Header\ExtLibWrappers\misExtensionVirtualTipBuilder.h">
      <Filter>Header Files</Filter>
    </ClInclude>
    <ClInclude Include="..\header\misToolRepresentationExtension.h">
      <Filter>Header Files</Filter>
    </ClInclude>
    <ClInclude Include="..\header\misToolRepresentationNonVirtual.h">
      <Filter>Header Files</Filter>
    </ClInclude>
    <ClInclude Include="..\header\misGenericToolShape.h">
      <Filter>Header Files</Filter>
    </ClInclude>
    <ClInclude Include="..\header\TargetingAnnotation.h">
      <Filter>Header Files</Filter>
    </ClInclude>
  </ItemGroup>
  <ItemGroup>
    <ClCompile Include="stdafx.cpp">
      <Filter>Source Files</Filter>
    </ClCompile>
    <ClCompile Include="misAnnotationRepresentation.cpp">
      <Filter>Source Files</Filter>
    </ClCompile>
    <ClCompile Include="misFrustumRepresentation.cpp">
      <Filter>Source Files</Filter>
    </ClCompile>
    <ClCompile Include="misLandMarkLabel.cpp">
      <Filter>Source Files</Filter>
    </ClCompile>
    <ClCompile Include="misLandmarkPointerRepresentation.cpp">
      <Filter>Source Files</Filter>
    </ClCompile>
    <ClCompile Include="misManModelrepresentation.cpp">
      <Filter>Source Files</Filter>
    </ClCompile>
    <ClCompile Include="misPointLandMark.cpp">
      <Filter>Source Files</Filter>
    </ClCompile>
    <ClCompile Include="misRepresentation.cpp">
      <Filter>Source Files</Filter>
    </ClCompile>
    <ClCompile Include="misSeedRepresentation.cpp">
      <Filter>Source Files</Filter>
    </ClCompile>
    <ClCompile Include="misSpherePointLandmark.cpp">
      <Filter>Source Files</Filter>
    </ClCompile>
    <ClCompile Include="misSurfaceRepresentation.cpp">
      <Filter>Source Files</Filter>
    </ClCompile>
    <ClCompile Include="misTextRepresentation.cpp">
      <Filter>Source Files</Filter>
    </ClCompile>
    <ClCompile Include="misToolRepresentation.cpp">
      <Filter>Source Files</Filter>
    </ClCompile>
    <ClCompile Include="misDistanceRepresentation2D.cpp">
      <Filter>Source Files</Filter>
    </ClCompile>
    <ClCompile Include="misVoreenRepresentation.cpp">
      <Filter>Source Files</Filter>
    </ClCompile>
    <ClCompile Include="misAnnoatationGroupRep.cpp">
      <Filter>Source Files</Filter>
    </ClCompile>
    <ClCompile Include="misDepthIndicatorRepresentation.cpp">
      <Filter>Source Files</Filter>
    </ClCompile>
    <ClCompile Include="misSpatialObject.cpp">
      <Filter>Source Files</Filter>
    </ClCompile>
    <ClCompile Include="misOrientationNavigationGuideObject.cpp">
      <Filter>Source Files</Filter>
    </ClCompile>
    <ClCompile Include="misNavigationState.cpp">
      <Filter>Source Files</Filter>
    </ClCompile>
    <ClCompile Include="misNavigationGuideObject.cpp">
      <Filter>Source Files</Filter>
    </ClCompile>
    <ClCompile Include="misPlanStartNavigationGuideObject.cpp">
      <Filter>Source Files</Filter>
    </ClCompile>
    <ClCompile Include="misTrackingToolSpatialObject.cpp">
      <Filter>Source Files</Filter>
    </ClCompile>
    <ClCompile Include="misPlanAxisNavigationGuideObject.cpp">
      <Filter>Source Files</Filter>
    </ClCompile>
    <ClCompile Include="misPlanDepthNavigationGuideObject.cpp">
      <Filter>Source Files</Filter>
    </ClCompile>
    <ClCompile Include="misPlannedScrewSpatialObject.cpp">
      <Filter>Source Files</Filter>
    </ClCompile>
    <ClCompile Include="misImagePlaneInformationStrct.cpp">
      <Filter>Source Files</Filter>
    </ClCompile>
    <ClCompile Include="misToriBasedOrientationNavigationGuideObject.cpp">
      <Filter>Source Files</Filter>
    </ClCompile>
    <ClCompile Include="misToolShapeBuilder.cpp">
      <Filter>Source Files</Filter>
    </ClCompile>
    <ClCompile Include="misToolCoordinateSystemRenderer.cpp">
      <Filter>Source Files</Filter>
    </ClCompile>
    <ClCompile Include="misPanoramicToolCoordSysRenderer.cpp">
      <Filter>Source Files</Filter>
    </ClCompile>
    <ClCompile Include="misPlanarRepresentation.cpp">
      <Filter>Source Files</Filter>
    </ClCompile>
    <ClCompile Include="misPanoramicRepresentation.cpp">
      <Filter>Source Files</Filter>
    </ClCompile>
    <ClCompile Include="misRepresentationContainer.cpp">
      <Filter>Source Files</Filter>
    </ClCompile>
    <ClCompile Include="misVisibiltyHolder.cpp">
      <Filter>Source Files</Filter>
    </ClCompile>
    <ClCompile Include="LandmarkColor.cpp">
      <Filter>Source Files</Filter>
    </ClCompile>
    <ClCompile Include="GeneralVirtualTipBuilder.cpp">
      <Filter>Source Files</Filter>
    </ClCompile>
    <ClCompile Include="BiopsyVirtualTipBuilder.cpp">
      <Filter>Source Files</Filter>
    </ClCompile>
    <ClCompile Include="misExtensionVirtualTipBuilder.cpp">
      <Filter>Source Files</Filter>
    </ClCompile>
    <ClCompile Include="misToolRepresentationExtension.cpp">
      <Filter>Source Files</Filter>
    </ClCompile>
    <ClCompile Include="misGenericToolShape.cpp">
      <Filter>Source Files</Filter>
    </ClCompile>
    <ClCompile Include="CameraPositionCalculatorFactory.cpp">
      <Filter>Source Files</Filter>
    </ClCompile>
    <ClCompile Include="CameraPositionCalculatorSpine.cpp">
      <Filter>Source Files</Filter>
    </ClCompile>
    <ClCompile Include="TargetingAnnotation.cpp">
      <Filter>Source Files</Filter>
    </ClCompile>
  </ItemGroup>
</Project>