<?xml version="1.0" encoding="utf-8"?>
<Project ToolsVersion="4.0" xmlns="http://schemas.microsoft.com/developer/msbuild/2003">
  <ItemGroup>
    <Filter Include="Source Files">
      <UniqueIdentifier>{4FC737F1-C7A5-4376-A066-2A32D752A2FF}</UniqueIdentifier>
      <Extensions>cpp;c;cc;cxx;def;odl;idl;hpj;bat;asm;asmx</Extensions>
    </Filter>
    <Filter Include="Header Files">
      <UniqueIdentifier>{93995380-89BD-4b04-88EB-625FBE52EBFB}</UniqueIdentifier>
      <Extensions>h;hpp;hxx;hm;inl;inc;xsd</Extensions>
    </Filter>
    <Filter Include="Resource Files">
      <UniqueIdentifier>{67DA6AB6-F800-4c08-8B7A-83BB121AAD01}</UniqueIdentifier>
      <Extensions>rc;ico;cur;bmp;dlg;rc2;rct;bin;rgs;gif;jpg;jpeg;jpe;resx;tiff;tif;png;wav;mfcribbon-ms</Extensions>
    </Filter>
  </ItemGroup>
  <ItemGroup>
    <None Include="ReadMe.txt" />
    <None Include="ClassDiagram1.cd" />
    <None Include="..\CreateMISRelease\glsl\eep_simple.frag" />
    <None Include="..\CreateMISRelease\glsl\eep_simple.vert" />
    <None Include="..\CreateMISRelease\glsl\panoramic.frag">
      <Filter>Resource Files</Filter>
    </None>
    <None Include="..\CreateMISRelease\glsl\panoramic.vert">
      <Filter>Resource Files</Filter>
    </None>
  </ItemGroup>
  <ItemGroup>
    <ClInclude Include="stdafx.h">
      <Filter>Header Files</Filter>
    </ClInclude>
    <ClInclude Include="targetver.h">
      <Filter>Header Files</Filter>
    </ClInclude>
    <ClInclude Include="..\Header\misGeoActor.h">
      <Filter>Header Files</Filter>
    </ClInclude>
    <ClInclude Include="misViewDependentActor.h">
      <Filter>Header Files</Filter>
    </ClInclude>
    <ClInclude Include="..\Header\misFollowerFixedArea.h">
      <Filter>Header Files</Filter>
    </ClInclude>
    <ClInclude Include="..\Header\misPlaneWidget.h">
      <Filter>Header Files</Filter>
    </ClInclude>
    <ClInclude Include="..\Header\misCornerProperties.h">
      <Filter>Header Files</Filter>
    </ClInclude>
    <ClInclude Include="..\Header\misPlaneDefinitionsStruct.h">
      <Filter>Header Files</Filter>
    </ClInclude>
    <ClInclude Include="..\Header\misSegmentedObjectTransferFunction.h">
      <Filter>Header Files</Filter>
    </ClInclude>
    <ClInclude Include="..\Header\misImageSlicerMapper.h">
      <Filter>Header Files</Filter>
    </ClInclude>
    <ClInclude Include="..\Header\misQuadMapperBase.h">
      <Filter>Header Files</Filter>
    </ClInclude>
    <ClInclude Include="..\Header\misVideoStruct.h">
      <Filter>Header Files</Filter>
    </ClInclude>
    <ClInclude Include="..\Header\misVideoMapper.h">
      <Filter>Header Files</Filter>
    </ClInclude>
    <ClInclude Include="..\Header\misTorus.h">
      <Filter>Header Files</Filter>
    </ClInclude>
    <ClInclude Include="..\Header\misStickerModelActor.h">
      <Filter>Header Files</Filter>
    </ClInclude>
    <ClInclude Include="..\Header\misManModelActor.h">
      <Filter>Header Files</Filter>
    </ClInclude>
    <ClInclude Include="..\Header\misCoaxialToriCollection.h">
      <Filter>Header Files</Filter>
    </ClInclude>
    <ClInclude Include="..\Header\misPanoramicMapper.h">
      <Filter>Header Files</Filter>
    </ClInclude>
    <ClInclude Include="..\Header\misQuadGeometry.h">
      <Filter>Header Files</Filter>
    </ClInclude>
    <ClInclude Include="..\Header\misShaderHeaderGeneratorforImageViewer.h">
      <Filter>Header Files</Filter>
    </ClInclude>
    <ClInclude Include="..\Header\IShaderHeaderGenerator2D.h">
      <Filter>Header Files</Filter>
    </ClInclude>
    <ClInclude Include="..\Header\ICornerProperties.h">
      <Filter>Header Files</Filter>
    </ClInclude>
    <ClInclude Include="..\Header\mis2DToolActor.h">
      <Filter>Header Files</Filter>
    </ClInclude>
    <ClInclude Include="..\header\misCamera.h">
      <Filter>Header Files</Filter>
    </ClInclude>
    <ClInclude Include="..\header\misCameraMacher.h">
      <Filter>Header Files</Filter>
    </ClInclude>
    <ClInclude Include="..\Header\MockCornerProperties.h">
      <Filter>Header Files</Filter>
    </ClInclude>
    <ClInclude Include="..\Header\misPlanMapper.h">
      <Filter>Header Files</Filter>
    </ClInclude>
    <ClInclude Include="..\Header\IImageSlicerMapper.h">
      <Filter>Header Files</Filter>
    </ClInclude>
    <ClInclude Include="..\Header\MockImageSlicerMapper.h">
      <Filter>Header Files</Filter>
    </ClInclude>
    <ClInclude Include="..\Header\Mock2DRepresentation.h">
      <Filter>Header Files</Filter>
    </ClInclude>
    <ClInclude Include="..\Header\misPlanNavigationVisualizer.h">
      <Filter>Header Files</Filter>
    </ClInclude>
  </ItemGroup>
  <ItemGroup>
    <ClCompile Include="stdafx.cpp">
      <Filter>Source Files</Filter>
    </ClCompile>
    <ClCompile Include="misToolActor.cpp">
      <Filter>Source Files</Filter>
    </ClCompile>
    <ClCompile Include="misImageActor.cpp">
      <Filter>Source Files</Filter>
    </ClCompile>
    <ClCompile Include="misGeoActor.cpp">
      <Filter>Source Files</Filter>
    </ClCompile>
    <ClCompile Include="misFollowerFixedArea.cpp">
      <Filter>Source Files</Filter>
    </ClCompile>
    <ClCompile Include="misPlaneWidget.cpp">
      <Filter>Source Files</Filter>
    </ClCompile>
    <ClCompile Include="misCornerProperties.cpp">
      <Filter>Source Files</Filter>
    </ClCompile>
    <ClCompile Include="misSegmentedObjectTransferFunction.cpp">
      <Filter>Source Files</Filter>
    </ClCompile>
    <ClCompile Include="misImageSlicerMapper.cpp">
      <Filter>Source Files</Filter>
    </ClCompile>
    <ClCompile Include="misQuadMapperBase.cpp">
      <Filter>Source Files</Filter>
    </ClCompile>
    <ClCompile Include="misTorus.cpp">
      <Filter>Source Files</Filter>
    </ClCompile>
    <ClCompile Include="misStickerModelActor.cpp">
      <Filter>Source Files</Filter>
    </ClCompile>
    <ClCompile Include="misManModelActor.cpp">
      <Filter>Source Files</Filter>
    </ClCompile>
    <ClCompile Include="misQuadGeometry.cpp">
      <Filter>Source Files</Filter>
    </ClCompile>
    <ClCompile Include="misCoaxialToriCollection.cpp">
      <Filter>Source Files</Filter>
    </ClCompile>
    <ClCompile Include="misPanoramicMapper.cpp">
      <Filter>Source Files</Filter>
    </ClCompile>
    <ClCompile Include="misShaderHeaderGeneratorForImageViewer.cpp">
      <Filter>Source Files</Filter>
    </ClCompile>
    <ClCompile Include="mis2DToolActor.cpp">
      <Filter>Source Files</Filter>
    </ClCompile>
    <ClCompile Include="misCamera.cpp">
      <Filter>Source Files</Filter>
    </ClCompile>
    <ClCompile Include="misCameraMacher.cpp">
      <Filter>Source Files</Filter>
    </ClCompile>
    <ClCompile Include="misPlanMapper.cpp">
      <Filter>Source Files</Filter>
    </ClCompile>
    <ClCompile Include="misPlanNavigationVisualizer.cpp">
      <Filter>Source Files</Filter>
    </ClCompile>
  </ItemGroup>
</Project>