<?xml version="1.0" encoding="utf-8"?>
<Project ToolsVersion="4.0" xmlns="http://schemas.microsoft.com/developer/msbuild/2003">
  <ItemGroup>
    <Filter Include="Source Files">
      <UniqueIdentifier>{4FC737F1-C7A5-4376-A066-2A32D752A2FF}</UniqueIdentifier>
      <Extensions>cpp;c;cc;cxx;def;odl;idl;hpj;bat;asm;asmx</Extensions>
    </Filter>
    <Filter Include="Header Files">
      <UniqueIdentifier>{93995380-89BD-4b04-88EB-625FBE52EBFB}</UniqueIdentifier>
      <Extensions>h;hpp;hxx;hm;inl;inc;xsd</Extensions>
    </Filter>
    <Filter Include="Resource Files">
      <UniqueIdentifier>{67DA6AB6-F800-4c08-8B7A-83BB121AAD01}</UniqueIdentifier>
      <Extensions>rc;ico;cur;bmp;dlg;rc2;rct;bin;rgs;gif;jpg;jpeg;jpe;resx;tiff;tif;png;wav</Extensions>
    </Filter>
  </ItemGroup>
  <ItemGroup>
    <ClCompile Include="stdafx.cpp">
      <Filter>Source Files</Filter>
    </ClCompile>
    <ClCompile Include="misN4VStateVarible.cpp">
      <Filter>Source Files</Filter>
    </ClCompile>
    <ClCompile Include="misGroupViewer.cpp">
      <Filter>Source Files</Filter>
    </ClCompile>
    <ClCompile Include="misGroupViewerSetting.cpp">
      <Filter>Source Files</Filter>
    </ClCompile>
    <ClCompile Include="misViewerFactory.cpp">
      <Filter>Source Files</Filter>
    </ClCompile>
    <ClCompile Include="misViewingWindowElement.cpp">
      <Filter>Source Files</Filter>
    </ClCompile>
    <ClCompile Include="misViewElementGroup.cpp">
      <Filter>Source Files</Filter>
    </ClCompile>
    <ClCompile Include="misDistributionMap.cpp">
      <Filter>Source Files</Filter>
    </ClCompile>
    <ClCompile Include="misVolumeRenderingStrategy.cpp">
      <Filter>Source Files</Filter>
    </ClCompile>
    <ClCompile Include="misWidgetConfigure.cpp">
      <Filter>Source Files</Filter>
    </ClCompile>
    <ClCompile Include="misDirectionStringConevrtor.cpp">
      <Filter>Source Files</Filter>
    </ClCompile>
    <ClCompile Include="misImagePositionUpdater.cpp">
      <Filter>Source Files</Filter>
    </ClCompile>
    <ClCompile Include="misTrackerImageSynchronizer.cpp">
      <Filter>Source Files</Filter>
    </ClCompile>
    <ClCompile Include="misGroupViewerSettingFinder.cpp">
      <Filter>Source Files</Filter>
    </ClCompile>
    <ClCompile Include="misGroupViewerFactory.cpp">
      <Filter>Source Files</Filter>
    </ClCompile>
    <ClCompile Include="mis3DImageRenderer.cpp">
      <Filter>Source Files</Filter>
    </ClCompile>
    <ClCompile Include="misPackageDataRenderingAdapter.cpp">
      <Filter>Source Files</Filter>
    </ClCompile>
    <ClCompile Include="misPackage3DDataRenderingAdapter.cpp">
      <Filter>Source Files</Filter>
    </ClCompile>
    <ClCompile Include="misPackage2DDataRenderingAdapter.cpp">
      <Filter>Source Files</Filter>
    </ClCompile>
    <ClCompile Include="misRepresentationFactory.cpp">
      <Filter>Source Files</Filter>
    </ClCompile>
    <ClCompile Include="mis2DImageRenderingAdapter.cpp">
      <Filter>Source Files</Filter>
    </ClCompile>
    <ClCompile Include="ToolRepresentationDecider.cpp">
      <Filter>Source Files</Filter>
    </ClCompile>
    <ClCompile Include="BiopsyToolRepresentationDecider.cpp">
      <Filter>Source Files</Filter>
    </ClCompile>
    <ClCompile Include="misBiopsyNavigationLayout.cpp">
      <Filter>Source Files</Filter>
    </ClCompile>
    <ClCompile Include="misENTBraineNavigationLayoutFactory.cpp">
      <Filter>Source Files</Filter>
    </ClCompile>
    <ClCompile Include="misUpdateViewPortToStandard.cpp">
      <Filter>Source Files</Filter>
    </ClCompile>
    <ClCompile Include="misUpdateViewPortToOblique.cpp">
      <Filter>Source Files</Filter>
    </ClCompile>
    <ClCompile Include="misSpineNavigationLayout.cpp">
      <Filter>Source Files</Filter>
    </ClCompile>
    <ClCompile Include="mis3DPackageTransformUpdater.cpp">
      <Filter>Source Files</Filter>
    </ClCompile>
    <ClCompile Include="mis2DPackageTransformUpdater.cpp">
      <Filter>Source Files</Filter>
    </ClCompile>
    <ClCompile Include="misDefaultVolumeRenderer.cpp">
      <Filter>Source Files</Filter>
    </ClCompile>
    <ClCompile Include="ShowImagesAdapter2D.cpp">
      <Filter>Source Files</Filter>
    </ClCompile>
    <ClCompile Include="VolumeViewerInitilizer.cpp">
      <Filter>Source Files</Filter>
    </ClCompile>
    <ClCompile Include="RangeMapper.cpp">
      <Filter>Source Files</Filter>
    </ClCompile>
    <ClCompile Include="UpdatePlaneVisibilitiy.cpp">
      <Filter>Source Files</Filter>
    </ClCompile>
    <ClCompile Include="ImageBoundingMerger.cpp">
      <Filter>Source Files</Filter>
    </ClCompile>
    <ClCompile Include="misWidgetColorReader.cpp">
      <Filter>Source Files</Filter>
    </ClCompile>
    <ClCompile Include="misCMFNavigationLayout.cpp">
      <Filter>Source Files</Filter>
    </ClCompile>
    <ClCompile Include="misVolumeCropping.cpp">
      <Filter>Source Files</Filter>
    </ClCompile>
    <ClCompile Include="ScrewPlanView.cpp">
      <Filter>Source Files</Filter>
    </ClCompile>
    <ClCompile Include="misBrushViewerFactory.cpp">
      <Filter>Source Files</Filter>
    </ClCompile>
    <ClCompile Include="misPackage2DLandamrkAdapter.cpp">
      <Filter>Source Files</Filter>
    </ClCompile>
    <ClCompile Include="misLandmarkViewerCollection.cpp">
      <Filter>Source Files</Filter>
    </ClCompile>
    <ClCompile Include="misPackage3DLandmarkAdapter.cpp">
      <Filter>Source Files</Filter>
    </ClCompile>
  </ItemGroup>
  <ItemGroup>
    <ClInclude Include="stdafx.h">
      <Filter>Header Files</Filter>
    </ClInclude>
    <ClInclude Include="targetver.h">
      <Filter>Header Files</Filter>
    </ClInclude>
    <ClInclude Include="..\Header\misN4VStateVariable.h">
      <Filter>Header Files</Filter>
    </ClInclude>
    <ClInclude Include="..\Header\misPlaneContrast.h">
      <Filter>Header Files</Filter>
    </ClInclude>
    <ClInclude Include="..\Header\misGroupViewerSetting.h">
      <Filter>Header Files</Filter>
    </ClInclude>
    <ClInclude Include="..\Header\misDistributionEvent.h">
      <Filter>Header Files</Filter>
    </ClInclude>
    <ClInclude Include="..\Header\misDistributionMap.h">
      <Filter>Header Files</Filter>
    </ClInclude>
    <ClInclude Include="..\Header\misDataBoundstr.h">
      <Filter>Header Files</Filter>
    </ClInclude>
    <ClInclude Include="..\Header\misGroupViewer.h">
      <Filter>Header Files</Filter>
    </ClInclude>
    <ClInclude Include="..\Header\misViewerFactory.h">
      <Filter>Header Files</Filter>
    </ClInclude>
    <ClInclude Include="..\Header\misSurgeryType.h">
      <Filter>Header Files</Filter>
    </ClInclude>
    <ClInclude Include="..\Header\misSurgeryDirectionViewerType.h">
      <Filter>Header Files</Filter>
    </ClInclude>
    <ClInclude Include="..\Header\misDistributionStruct.h">
      <Filter>Header Files</Filter>
    </ClInclude>
    <ClInclude Include="misViewingWindowElement.h">
      <Filter>Header Files</Filter>
    </ClInclude>
    <ClInclude Include="..\header\misViewElementGroup.h">
      <Filter>Header Files</Filter>
    </ClInclude>
    <ClInclude Include="..\Header\IViewerRepository.h">
      <Filter>Header Files</Filter>
    </ClInclude>
    <ClInclude Include="..\header\misVolumeRenderingStrategy.h">
      <Filter>Header Files</Filter>
    </ClInclude>
    <ClInclude Include="IVolumeRenderingStrategy.h">
      <Filter>Header Files</Filter>
    </ClInclude>
    <ClInclude Include="..\Header\IPackageTransformUpdater.h">
      <Filter>Header Files</Filter>
    </ClInclude>
    <ClInclude Include="..\header\misWidgetConfigure.h">
      <Filter>Header Files</Filter>
    </ClInclude>
    <ClInclude Include="..\Header\IWidgetConfigure.h">
      <Filter>Header Files</Filter>
    </ClInclude>
    <ClInclude Include="..\header\misDirectionStringConevrtor.h">
      <Filter>Header Files</Filter>
    </ClInclude>
    <ClInclude Include="..\header\misImagePositionUpdater.h">
      <Filter>Header Files</Filter>
    </ClInclude>
    <ClInclude Include="..\Header\IImagePositionUpdater.h">
      <Filter>Header Files</Filter>
    </ClInclude>
    <ClInclude Include="..\Header\MockPackageViewer.h">
      <Filter>Header Files</Filter>
    </ClInclude>
    <ClInclude Include="..\header\misTrackerImageSynchronizer.h">
      <Filter>Header Files</Filter>
    </ClInclude>
    <ClInclude Include="..\Header\IGroupViewerSetting.h">
      <Filter>Header Files</Filter>
    </ClInclude>
    <ClInclude Include="..\Header\MockGroupViewerSetting.h">
      <Filter>Header Files</Filter>
    </ClInclude>
    <ClInclude Include="..\Header\misGroupViewerSettingFinder.h">
      <Filter>Header Files</Filter>
    </ClInclude>
    <ClInclude Include="..\header\misGroupViewerFactory.h">
      <Filter>Header Files</Filter>
    </ClInclude>
    <ClInclude Include="..\Header\MockVolumeDataDependensies.h">
      <Filter>Header Files</Filter>
    </ClInclude>
    <ClInclude Include="..\Header\IPackageViewerAbstract.h">
      <Filter>Header Files</Filter>
    </ClInclude>
    <ClInclude Include="..\Header\I3DImageRenderer.h">
      <Filter>Header Files</Filter>
    </ClInclude>
    <ClInclude Include="..\header\mis3DImageRenderer.h">
      <Filter>Header Files</Filter>
    </ClInclude>
    <ClInclude Include="..\header\misPackageDataRenderingAdapter.h">
      <Filter>Header Files</Filter>
    </ClInclude>
    <ClInclude Include="..\Header\IPackageDataRenderingAdapter.h">
      <Filter>Header Files</Filter>
    </ClInclude>
    <ClInclude Include="..\Header\IPackage3DDataRenderingAdapter.h">
      <Filter>Header Files</Filter>
    </ClInclude>
    <ClInclude Include="..\Header\misPackage3DDataRenderingAdapter.h">
      <Filter>Header Files</Filter>
    </ClInclude>
    <ClInclude Include="..\header\misPackage2DDataRenderingAdapter.h">
      <Filter>Header Files</Filter>
    </ClInclude>
    <ClInclude Include="..\Header\IPackage2DDataRenderingAdapter.h">
      <Filter>Header Files</Filter>
    </ClInclude>
    <ClInclude Include="..\Header\IViewerFactory.h">
      <Filter>Header Files</Filter>
    </ClInclude>
    <ClInclude Include="..\header\misRepresentationFactory.h">
      <Filter>Header Files</Filter>
    </ClInclude>
    <ClInclude Include="..\Header\IRepresentationFactory.h">
      <Filter>Header Files</Filter>
    </ClInclude>
    <ClInclude Include="..\Header\ICompeleteImageDependencies.h">
      <Filter>Header Files</Filter>
    </ClInclude>
    <ClInclude Include="..\Header\MockCompeleteImageDependencies.h">
      <Filter>Header Files</Filter>
    </ClInclude>
    <ClInclude Include="..\Header\IImageToTextureMap.h">
      <Filter>Header Files</Filter>
    </ClInclude>
    <ClInclude Include="..\Header\MockImageToTextureMap.h">
      <Filter>Header Files</Filter>
    </ClInclude>
    <ClInclude Include="..\Header\misPackagePanoramicDataRenderingAdapter.h">
      <Filter>Header Files</Filter>
    </ClInclude>
    <ClInclude Include="..\header\mis2DImageRenderingAdapter.h">
      <Filter>Header Files</Filter>
    </ClInclude>
    <ClInclude Include="..\Header\I2DImageRenderingAdapter.h">
      <Filter>Header Files</Filter>
    </ClInclude>
    <ClInclude Include="..\header\misBiopsyNavigationLayout.h">
      <Filter>Header Files</Filter>
    </ClInclude>
    <ClInclude Include="..\Header\IGroupViewerSettingFinder.h">
      <Filter>Header Files</Filter>
    </ClInclude>
    <ClInclude Include="..\Header\MockGroupViewerSettingFinder.h">
      <Filter>Header Files</Filter>
    </ClInclude>
    <ClInclude Include="..\Header\misENTBraineNavigationLayoutFactory.h">
      <Filter>Header Files</Filter>
    </ClInclude>
    <ClInclude Include="..\Header\MockViewerRepository.h">
      <Filter>Header Files</Filter>
    </ClInclude>
    <ClInclude Include="..\Header\Adapters\IGroupViewerFactory.h">
      <Filter>Header Files</Filter>
    </ClInclude>
    <ClInclude Include="..\Header\Mock2DImageRenderingAdapter.h">
      <Filter>Header Files</Filter>
    </ClInclude>
    <ClInclude Include="..\Header\MockPackageDataRenderingAdapter.h">
      <Filter>Header Files</Filter>
    </ClInclude>
    <ClInclude Include="..\Header\IUpdateViewPortToStandard.h">
      <Filter>Header Files</Filter>
    </ClInclude>
    <ClInclude Include="..\Header\misUpdateViewPortToStandard.h">
      <Filter>Header Files</Filter>
    </ClInclude>
    <ClInclude Include="..\header\misUpdateViewPortToOblique.h">
      <Filter>Header Files</Filter>
    </ClInclude>
    <ClInclude Include="..\Header\IUpdateViewPortToOblique.h">
      <Filter>Header Files</Filter>
    </ClInclude>
    <ClInclude Include="..\Header\misTest\MockPackage3DDataRenderingAdapter.h">
      <Filter>Header Files</Filter>
    </ClInclude>
    <ClInclude Include="misSpineNavigationLayout.h">
      <Filter>Header Files</Filter>
    </ClInclude>
    <ClInclude Include="..\Header\mis3DPackageTransformUpdater.h">
      <Filter>Header Files</Filter>
    </ClInclude>
    <ClInclude Include="..\header\mis2DPackageTransformUpdater.h">
      <Filter>Header Files</Filter>
    </ClInclude>
    <ClInclude Include="..\Header\IDefaultVolumeRenderer.h">
      <Filter>Header Files</Filter>
    </ClInclude>
    <ClInclude Include="..\header\misDefaultVolumeRenderer.h">
      <Filter>Header Files</Filter>
    </ClInclude>
    <ClInclude Include="..\Header\IShowImagesAdapter2D.h">
      <Filter>Header Files</Filter>
    </ClInclude>
    <ClInclude Include="..\header\ShowImagesAdapter2D.h">
      <Filter>Header Files</Filter>
    </ClInclude>
    <ClInclude Include="..\Header\IVolumeViewerInitilizer.h">
      <Filter>Header Files</Filter>
    </ClInclude>
    <ClInclude Include="..\Header\VolumeViewerInitilizer.h">
      <Filter>Header Files</Filter>
    </ClInclude>
    <ClInclude Include="..\Header\IVolumeSlicerEvents.h">
      <Filter>Header Files</Filter>
    </ClInclude>
    <ClInclude Include="..\Header\IVolumeDataDependency.h">
      <Filter>Header Files</Filter>
    </ClInclude>
    <ClInclude Include="..\Header\ApplicationBusinessRules\RangeMapper.h">
      <Filter>Header Files</Filter>
    </ClInclude>
    <ClInclude Include="..\Header\ApplicationBusinessRules\IRangeMapper.h">
      <Filter>Header Files</Filter>
    </ClInclude>
    <ClInclude Include="..\header\UpdatePlaneVisibilitiy.h">
      <Filter>Header Files</Filter>
    </ClInclude>
    <ClInclude Include="..\Header\ApplicationBusinessRules\IImageBoundingMerger.h">
      <Filter>Header Files</Filter>
    </ClInclude>
    <ClInclude Include="..\Header\ApplicationBusinessRules\ImageBoundingProperty.h">
      <Filter>Header Files</Filter>
    </ClInclude>
    <ClInclude Include="..\Header\ApplicationBusinessRules\ImageBoundingMerger.h">
      <Filter>Header Files</Filter>
    </ClInclude>
    <ClInclude Include="..\header\misWidgetColorReader.h">
      <Filter>Header Files</Filter>
    </ClInclude>
    <ClInclude Include="..\Header\misCMFNavigationLayout.h">
      <Filter>Header Files</Filter>
    </ClInclude>
    <ClInclude Include="..\Header\IOblqueView.h">
      <Filter>Header Files</Filter>
    </ClInclude>
    <ClInclude Include="..\Header\misBrushViewerFactory.h">
      <Filter>Header Files</Filter>
    </ClInclude>
    <ClInclude Include="..\Header\LandmarkViewer.h">
      <Filter>Header Files</Filter>
    </ClInclude>
    <ClInclude Include="..\misViewer\SlicerLandmarkViewer.h">
      <Filter>Header Files</Filter>
    </ClInclude>
    <ClInclude Include="..\misViewer\SlicerPointSelectActionLandamrk.h">
      <Filter>Header Files</Filter>
    </ClInclude>
    <ClInclude Include="..\Header\misLandmarkViewerCollection.h">
      <Filter>Header Files</Filter>
    </ClInclude>
    <ClInclude Include="..\Header\misPackage2DLandamrkAdapter.h">
      <Filter>Header Files</Filter>
    </ClInclude>
    <ClInclude Include="..\Header\misPackage3DLandmarkAdapter.h">
      <Filter>Header Files</Filter>
    </ClInclude>
    <ClInclude Include="..\misViewer\Volume3DLandmarkViewer.h">
      <Filter>Header Files</Filter>
    </ClInclude>
    <ClInclude Include="..\misViewer\Volume3DSelectActionLandamrk.h">
      <Filter>Header Files</Filter>
    </ClInclude>
    <ClInclude Include="..\Header\ILandmarkViewerCollection.h">
      <Filter>Header Files</Filter>
    </ClInclude>
    <ClInclude Include="..\Header\IPackage2DLandmarkAdapter.h">
      <Filter>Header Files</Filter>
    </ClInclude>
  </ItemGroup>
  <ItemGroup>
    <None Include="ReadMe.txt" />
  </ItemGroup>
</Project>