<?xml version="1.0" encoding="utf-8"?>
<Project ToolsVersion="4.0" xmlns="http://schemas.microsoft.com/developer/msbuild/2003">
  <ItemGroup>
    <Filter Include="Source Files">
      <UniqueIdentifier>{4FC737F1-C7A5-4376-A066-2A32D752A2FF}</UniqueIdentifier>
      <Extensions>cpp;c;cc;cxx;def;odl;idl;hpj;bat;asm;asmx</Extensions>
    </Filter>
    <Filter Include="Header Files">
      <UniqueIdentifier>{93995380-89BD-4b04-88EB-625FBE52EBFB}</UniqueIdentifier>
      <Extensions>h;hpp;hxx;hm;inl;inc;xsd</Extensions>
    </Filter>
    <Filter Include="Resource Files">
      <UniqueIdentifier>{67DA6AB6-F800-4c08-8B7A-83BB121AAD01}</UniqueIdentifier>
      <Extensions>rc;ico;cur;bmp;dlg;rc2;rct;bin;rgs;gif;jpg;jpeg;jpe;resx;tiff;tif;png;wav;mfcribbon-ms</Extensions>
    </Filter>
  </ItemGroup>
  <ItemGroup>
    <ClInclude Include="stdafx.h">
      <Filter>Header Files</Filter>
    </ClInclude>
    <ClInclude Include="targetver.h">
      <Filter>Header Files</Filter>
    </ClInclude>
    <ClInclude Include="..\Header\EventEnumeration.h">
      <Filter>Header Files</Filter>
    </ClInclude>
    <ClInclude Include="..\Header\misColorPointWidget.h">
      <Filter>Header Files</Filter>
    </ClInclude>
    <ClInclude Include="..\Header\misCompleteCursor.h">
      <Filter>Header Files</Filter>
    </ClInclude>
    <ClInclude Include="..\Header\misCursor.h">
      <Filter>Header Files</Filter>
    </ClInclude>
    <ClInclude Include="..\Header\misDistanceWidget.h">
      <Filter>Header Files</Filter>
    </ClInclude>
    <ClInclude Include="..\Header\misPreciseCursor.h">
      <Filter>Header Files</Filter>
    </ClInclude>
    <ClInclude Include="..\Header\misROIWidget.h">
      <Filter>Header Files</Filter>
    </ClInclude>
    <ClInclude Include="..\Header\misSimpleCursor.h">
      <Filter>Header Files</Filter>
    </ClInclude>
    <ClInclude Include="..\Header\misCursorFactory.h">
      <Filter>Header Files</Filter>
    </ClInclude>
    <ClInclude Include="..\Header\misLineControl.h">
      <Filter>Header Files</Filter>
    </ClInclude>
    <ClInclude Include="..\Header\misScrewRepresentation.h">
      <Filter>Header Files</Filter>
    </ClInclude>
    <ClInclude Include="..\Header\misThickCursor.h">
      <Filter>Header Files</Filter>
    </ClInclude>
    <ClInclude Include="..\Header\IImplantSource.h">
      <Filter>Header Files</Filter>
    </ClInclude>
    <ClInclude Include="..\Header\misScrewWidgetData.h">
      <Filter>Header Files</Filter>
    </ClInclude>
    <ClInclude Include="..\header\misCorrectionTransformBox.h">
      <Filter>Header Files</Filter>
    </ClInclude>
    <ClInclude Include="..\Header\ICorrectionTransformBox.h">
      <Filter>Header Files</Filter>
    </ClInclude>
    <ClInclude Include="..\Header\mis3DPlanParametricFunction.h">
      <Filter>Header Files</Filter>
    </ClInclude>
    <ClInclude Include="..\Header\BusinessEntities\Dental3dPlanCrossSectionFucntion.h">
      <Filter>Header Files</Filter>
    </ClInclude>
    <ClInclude Include="..\Header\BusinessEntities\I3DPlanCrossSectionFunction.h">
      <Filter>Header Files</Filter>
    </ClInclude>
    <ClInclude Include="..\Header\BusinessEntities\Biopsy3dPlanCrossSectionFunction.h">
      <Filter>Header Files</Filter>
    </ClInclude>
    <ClInclude Include="..\Header\ExtLibWrappers\mis2dImplant.h">
      <Filter>Header Files</Filter>
    </ClInclude>
    <ClInclude Include="..\Header\mis3DImplant.h">
      <Filter>Header Files</Filter>
    </ClInclude>
    <ClInclude Include="..\header\misPolyDataCreator.h">
      <Filter>Header Files</Filter>
    </ClInclude>
    <ClInclude Include="IPlanWidgetRepresentation.h">
      <Filter>Header Files</Filter>
    </ClInclude>
    <ClInclude Include="..\Header\misBiopsyPlanRepresentation.h">
      <Filter>Header Files</Filter>
    </ClInclude>
    <ClInclude Include="..\Header\IPlanWidgetRepresentation.h">
      <Filter>Header Files</Filter>
    </ClInclude>
    <ClInclude Include="..\Header\misPlanWidget.h">
      <Filter>Header Files</Filter>
    </ClInclude>
  </ItemGroup>
  <ItemGroup>
    <ClCompile Include="stdafx.cpp">
      <Filter>Source Files</Filter>
    </ClCompile>
    <ClCompile Include="misColorPointWidget.cpp">
      <Filter>Source Files</Filter>
    </ClCompile>
    <ClCompile Include="misCompleteCursor.cpp">
      <Filter>Source Files</Filter>
    </ClCompile>
    <ClCompile Include="misCursor.cpp">
      <Filter>Source Files</Filter>
    </ClCompile>
    <ClCompile Include="misDistanceWidget.cpp">
      <Filter>Source Files</Filter>
    </ClCompile>
    <ClCompile Include="misPreciseCursor.cpp">
      <Filter>Source Files</Filter>
    </ClCompile>
    <ClCompile Include="misROIWidget.cpp">
      <Filter>Source Files</Filter>
    </ClCompile>
    <ClCompile Include="misSimpleCursor.cpp">
      <Filter>Source Files</Filter>
    </ClCompile>
    <ClCompile Include="misLineControl.cpp">
      <Filter>Source Files</Filter>
    </ClCompile>
    <ClCompile Include="misScrewRepresentation.cpp">
      <Filter>Source Files</Filter>
    </ClCompile>
    <ClCompile Include="misThickCursor.cpp">
      <Filter>Source Files</Filter>
    </ClCompile>
    <ClCompile Include="misScrewWidgetData.cpp">
      <Filter>Source Files</Filter>
    </ClCompile>
    <ClCompile Include="misCorrectionTransformBox.cpp">
      <Filter>Source Files</Filter>
    </ClCompile>
    <ClCompile Include="misCursorFactory.cpp">
      <Filter>Source Files</Filter>
    </ClCompile>
    <ClCompile Include="mis3DPlanParametricFunction.cpp">
      <Filter>Source Files</Filter>
    </ClCompile>
    <ClCompile Include="Dental3dPlanCrossSectionFucntion.cpp">
      <Filter>Source Files</Filter>
    </ClCompile>
    <ClCompile Include="Biopsy3DPlanCrossSectionFunction.cpp">
      <Filter>Source Files</Filter>
    </ClCompile>
    <ClCompile Include="mis2dImplant.cpp">
      <Filter>Source Files</Filter>
    </ClCompile>
    <ClCompile Include="mis3DImplant.cpp">
      <Filter>Source Files</Filter>
    </ClCompile>
    <ClCompile Include="misPolyDataCreator.cpp">
      <Filter>Source Files</Filter>
    </ClCompile>
    <ClCompile Include="misBiopsyPlanRepresentation.cpp">
      <Filter>Source Files</Filter>
    </ClCompile>
    <ClCompile Include="misPlanWidget.cpp">
      <Filter>Source Files</Filter>
    </ClCompile>
  </ItemGroup>
</Project>