<?xml version="1.0" encoding="utf-8"?>
<Project ToolsVersion="4.0" xmlns="http://schemas.microsoft.com/developer/msbuild/2003">
  <ItemGroup>
    <Filter Include="Source Files">
      <UniqueIdentifier>{4FC737F1-C7A5-4376-A066-2A32D752A2FF}</UniqueIdentifier>
      <Extensions>cpp;c;cc;cxx;def;odl;idl;hpj;bat;asm;asmx</Extensions>
    </Filter>
    <Filter Include="Header Files">
      <UniqueIdentifier>{93995380-89BD-4b04-88EB-625FBE52EBFB}</UniqueIdentifier>
      <Extensions>h;hpp;hxx;hm;inl;inc;xsd</Extensions>
    </Filter>
    <Filter Include="Resource Files">
      <UniqueIdentifier>{67DA6AB6-F800-4c08-8B7A-83BB121AAD01}</UniqueIdentifier>
      <Extensions>rc;ico;cur;bmp;dlg;rc2;rct;bin;rgs;gif;jpg;jpeg;jpe;resx;tiff;tif;png;wav;mfcribbon-ms</Extensions>
    </Filter>
  </ItemGroup>
  <ItemGroup>
    <None Include="ReadMe.txt" />
  </ItemGroup>
  <ItemGroup>
    <ClInclude Include="stdafx.h">
      <Filter>Header Files</Filter>
    </ClInclude>
    <ClInclude Include="targetver.h">
      <Filter>Header Files</Filter>
    </ClInclude>
    <ClInclude Include="..\Header\misWin32Interactor.h">
      <Filter>Header Files</Filter>
    </ClInclude>
    <ClInclude Include="..\Header\MIS3DInteractionStyle.h">
      <Filter>Header Files</Filter>
    </ClInclude>
    <ClInclude Include="..\Header\misExtractExternalLayer.h">
      <Filter>Header Files</Filter>
    </ClInclude>
    <ClInclude Include="..\Header\misInteractionMathematicalAccount.h">
      <Filter>Header Files</Filter>
    </ClInclude>
    <ClInclude Include="..\Header\misInteractionObjectStyle.h">
      <Filter>Header Files</Filter>
    </ClInclude>
    <ClInclude Include="..\Header\misInteractorSTyleImageExtend.h">
      <Filter>Header Files</Filter>
    </ClInclude>
    <ClInclude Include="..\Header\misIntractionCameraStyle.h">
      <Filter>Header Files</Filter>
    </ClInclude>
    <ClInclude Include="..\Header\misOffScreenRederer.h">
      <Filter>Header Files</Filter>
    </ClInclude>
    <ClInclude Include="..\Header\misSelectionElement.h">
      <Filter>Header Files</Filter>
    </ClInclude>
    <ClInclude Include="..\Header\misSurfacePointPicker.h">
      <Filter>Header Files</Filter>
    </ClInclude>
    <ClInclude Include="..\Header\misTransferFunction.h">
      <Filter>Header Files</Filter>
    </ClInclude>
    <ClInclude Include="..\Header\misTransFunctionBuilder.h">
      <Filter>Header Files</Filter>
    </ClInclude>
    <ClInclude Include="..\Header\misVolumePointPicker.h">
      <Filter>Header Files</Filter>
    </ClInclude>
    <ClInclude Include="..\Header\misVTKMattoTgtMatConvertor.h">
      <Filter>Header Files</Filter>
    </ClInclude>
    <ClInclude Include="..\Header\misMatrixElement.h">
      <Filter>Header Files</Filter>
    </ClInclude>
    <ClInclude Include="..\Header\misWindow.h">
      <Filter>Header Files</Filter>
    </ClInclude>
    <ClInclude Include="..\Header\misTransferFunctionSelecting.h">
      <Filter>Header Files</Filter>
    </ClInclude>
    <ClInclude Include="..\Header\misExtractExternalSurface.h">
      <Filter>Header Files</Filter>
    </ClInclude>
    <ClInclude Include="..\Header\misTransferFunctionTester.h">
      <Filter>Header Files</Filter>
    </ClInclude>
    <ClInclude Include="..\header\misViewPort.h">
      <Filter>Header Files</Filter>
    </ClInclude>
    <ClInclude Include="..\Header\misDirectionAnnotation.h">
      <Filter>Header Files</Filter>
    </ClInclude>
    <ClInclude Include="..\Header\misImageAnnotation.h">
      <Filter>Header Files</Filter>
    </ClInclude>
    <ClInclude Include="..\Header\ITFILoader.h">
      <Filter>Header Files</Filter>
    </ClInclude>
    <ClInclude Include="..\Header\misTFILoader.h">
      <Filter>Header Files</Filter>
    </ClInclude>
    <ClInclude Include="..\Header\ISegmentedObjectTransferFunction3D.h">
      <Filter>Header Files</Filter>
    </ClInclude>
    <ClInclude Include="..\Header\MockTFILoader.h">
      <Filter>Header Files</Filter>
    </ClInclude>
    <ClInclude Include="..\header\misSideAnnotation.h">
      <Filter>Header Files</Filter>
    </ClInclude>
    <ClInclude Include="..\Header\mis3dRenderer.h">
      <Filter>Header Files</Filter>
    </ClInclude>
    <ClInclude Include="..\Header\misRenderWindow.h">
      <Filter>Header Files</Filter>
    </ClInclude>
    <ClInclude Include="..\Header\IImageAnnotation.h">
      <Filter>Header Files</Filter>
    </ClInclude>
    <ClInclude Include="..\Header\ISideAnnotation.h">
      <Filter>Header Files</Filter>
    </ClInclude>
    <ClInclude Include="..\Header\ApplicationBusinessRules\DentalQuadrantFinder.h">
      <Filter>Header Files</Filter>
    </ClInclude>
    <ClInclude Include="..\Header\IWindows.h">
      <Filter>Header Files</Filter>
    </ClInclude>
  </ItemGroup>
  <ItemGroup>
    <ClCompile Include="stdafx.cpp">
      <Filter>Source Files</Filter>
    </ClCompile>
    <ClCompile Include="misWindow.cpp">
      <Filter>Source Files</Filter>
    </ClCompile>
    <ClCompile Include="misFpsCalculator.cpp">
      <Filter>Source Files</Filter>
    </ClCompile>
    <ClCompile Include="MIS3DInteractionStyle.cpp">
      <Filter>Source Files</Filter>
    </ClCompile>
    <ClCompile Include="misInteractionMathematicalAccount.cpp">
      <Filter>Source Files</Filter>
    </ClCompile>
    <ClCompile Include="misInteractionObjectStyle.cpp">
      <Filter>Source Files</Filter>
    </ClCompile>
    <ClCompile Include="misInteractorSTyleImageExtend.cpp">
      <Filter>Source Files</Filter>
    </ClCompile>
    <ClCompile Include="misIntractionCameraStyle.cpp">
      <Filter>Source Files</Filter>
    </ClCompile>
    <ClCompile Include="misSelectionElement.cpp">
      <Filter>Source Files</Filter>
    </ClCompile>
    <ClCompile Include="misSurfacePointPicker.cpp">
      <Filter>Source Files</Filter>
    </ClCompile>
    <ClCompile Include="misTransferFunction.cpp">
      <Filter>Source Files</Filter>
    </ClCompile>
    <ClCompile Include="misTransFunctionBuilder.cpp">
      <Filter>Source Files</Filter>
    </ClCompile>
    <ClCompile Include="misVTKMattoTgtMatConvertor.cpp">
      <Filter>Source Files</Filter>
    </ClCompile>
    <ClCompile Include="mis3DSImporter.cxx">
      <Filter>Source Files</Filter>
    </ClCompile>
    <ClCompile Include="misTransferFunctionSelecting.cpp">
      <Filter>Source Files</Filter>
    </ClCompile>
    <ClCompile Include="misExtractExternalSurface.cpp">
      <Filter>Source Files</Filter>
    </ClCompile>
    <ClCompile Include="misMatrixElement.cpp">
      <Filter>Source Files</Filter>
    </ClCompile>
    <ClCompile Include="misTransferFunctionTester.cpp">
      <Filter>Source Files</Filter>
    </ClCompile>
    <ClCompile Include="misViewPort.cpp">
      <Filter>Source Files</Filter>
    </ClCompile>
    <ClCompile Include="misDirectionAnnotation.cpp">
      <Filter>Source Files</Filter>
    </ClCompile>
    <ClCompile Include="misImageAnnotation.cpp">
      <Filter>Source Files</Filter>
    </ClCompile>
    <ClCompile Include="..\Header\misTFILoader.cpp">
      <Filter>Source Files</Filter>
    </ClCompile>
    <ClCompile Include="misOpenglTexture.cpp">
      <Filter>Source Files</Filter>
    </ClCompile>
    <ClCompile Include="misTexturePropertyStruct.cpp">
      <Filter>Source Files</Filter>
    </ClCompile>
    <ClCompile Include="misSideAnnotation.cpp">
      <Filter>Source Files</Filter>
    </ClCompile>
    <ClCompile Include="mis3dRenderer.cpp">
      <Filter>Source Files</Filter>
    </ClCompile>
    <ClCompile Include="misRenderWindow.cpp">
      <Filter>Source Files</Filter>
    </ClCompile>
    <ClCompile Include="DentalQuadrantFinder.cpp">
      <Filter>Source Files</Filter>
    </ClCompile>
    <ClCompile Include="misWin32Interactor.cpp">
      <Filter>Source Files</Filter>
    </ClCompile>
  </ItemGroup>
</Project>