<?xml version="1.0" encoding="utf-8"?>
<Project ToolsVersion="4.0" xmlns="http://schemas.microsoft.com/developer/msbuild/2003">
  <ItemGroup>
    <ClInclude Include="..\Header\misImageGeoProperties.h">
      <Filter>Header Files</Filter>
    </ClInclude>
    <ClInclude Include="..\Header\misImageViewSetting.h">
      <Filter>Header Files</Filter>
    </ClInclude>
    <ClInclude Include="..\Header\misStrctLayer.h">
      <Filter>Header Files</Filter>
    </ClInclude>
    <ClInclude Include="..\Header\misVisualizationUtils.h">
      <Filter>Header Files</Filter>
    </ClInclude>
    <ClInclude Include="texfile.h">
      <Filter>Header Files</Filter>
    </ClInclude>
    <ClInclude Include="..\Header\misitkTypdef.h">
      <Filter>Header Files</Filter>
    </ClInclude>
    <ClInclude Include="..\Header\misAxisProperty.h">
      <Filter>Header Files</Filter>
    </ClInclude>
    <ClInclude Include="..\Header\misScrewReader.h">
      <Filter>Header Files</Filter>
    </ClInclude>
    <ClInclude Include="..\Header\misVolumeRenderingGlobal.h">
      <Filter>Header Files</Filter>
    </ClInclude>
    <ClInclude Include="stdafx.h">
      <Filter>Header Files</Filter>
    </ClInclude>
    <ClInclude Include="..\Header\misScrewSource.h">
      <Filter>Header Files</Filter>
    </ClInclude>
    <ClInclude Include="..\Header\misMatrix.h">
      <Filter>Header Files</Filter>
    </ClInclude>
    <ClInclude Include="..\Header\misVisualizationResourceManager.h">
      <Filter>Header Files</Filter>
    </ClInclude>
    <ClInclude Include="..\Header\mis3DModelViewingProperties.h">
      <Filter>Header Files</Filter>
    </ClInclude>
    <ClInclude Include="..\Header\IImageGeoProperties.h">
      <Filter>Header Files</Filter>
    </ClInclude>
    <ClInclude Include="..\Header\misPlanePoint.h">
      <Filter>Header Files</Filter>
    </ClInclude>
  </ItemGroup>
  <ItemGroup>
    <Filter Include="Header Files">
      <UniqueIdentifier>{f9f2d7e6-2645-41c1-9888-2f76c34f4b30}</UniqueIdentifier>
    </Filter>
    <Filter Include="Source Files">
      <UniqueIdentifier>{cd8a289a-b381-4574-bc63-449933fbedf7}</UniqueIdentifier>
    </Filter>
  </ItemGroup>
  <ItemGroup>
    <ClCompile Include="texfile.cpp">
      <Filter>Source Files</Filter>
    </ClCompile>
    <ClCompile Include="misImageGeoProperties.cpp">
      <Filter>Source Files</Filter>
    </ClCompile>
    <ClCompile Include="misScrewReader.cpp">
      <Filter>Source Files</Filter>
    </ClCompile>
    <ClCompile Include="misStrctLayer.cpp">
      <Filter>Source Files</Filter>
    </ClCompile>
    <ClCompile Include="misVisualizationUtils.cpp">
      <Filter>Source Files</Filter>
    </ClCompile>
    <ClCompile Include="stdafx.cpp">
      <Filter>Source Files</Filter>
    </ClCompile>
    <ClCompile Include="misScrewSource.cpp">
      <Filter>Source Files</Filter>
    </ClCompile>
    <ClCompile Include="misMatrix.cpp">
      <Filter>Source Files</Filter>
    </ClCompile>
    <ClCompile Include="misVisualizationResourceManager.cpp">
      <Filter>Source Files</Filter>
    </ClCompile>
    <ClCompile Include="misAxisProperty.cpp">
      <Filter>Source Files</Filter>
    </ClCompile>
    <ClCompile Include="misStrct3DLayer.cpp" />
    <ClCompile Include="mis3DModelViewingProperties.cpp">
      <Filter>Source Files</Filter>
    </ClCompile>
  </ItemGroup>
</Project>